// !$*UTF8*$!
{
	archiveVersion = 1;
	classes = {
	};
	objectVersion = 46;
	objects = {

/* Begin PBXBuildFile section */
		217C9ED8C0239C4783B07052 /* Pods_TreasureHunt.framework in Frameworks */ = {isa = PBXBuildFile; fileRef = F7E766A349415DF6E9FE707F /* Pods_TreasureHunt.framework */; };
		BE139B0B1CBE2F840025F9D9 /* CloudKit.framework in Frameworks */ = {isa = PBXBuildFile; fileRef = BE139B0A1CBE2F840025F9D9 /* CloudKit.framework */; };
		BE27BBE71CCE4BBA00B1F8DC /* DeductionTableViewCell.swift in Sources */ = {isa = PBXBuildFile; fileRef = BE27BBE61CCE4BBA00B1F8DC /* DeductionTableViewCell.swift */; };
		BE336B061CC60E9700B2BFDB /* StartGameViewController.swift in Sources */ = {isa = PBXBuildFile; fileRef = BE336B051CC60E9700B2BFDB /* StartGameViewController.swift */; };
		BE336B091CC6111A00B2BFDB /* PlayGameMapViewTableViewController.swift in Sources */ = {isa = PBXBuildFile; fileRef = BE336B081CC6111A00B2BFDB /* PlayGameMapViewTableViewController.swift */; };
		BE336B0B1CC6113B00B2BFDB /* PlayGameSolutionViewController.swift in Sources */ = {isa = PBXBuildFile; fileRef = BE336B0A1CC6113B00B2BFDB /* PlayGameSolutionViewController.swift */; };
		BE336B111CC6184400B2BFDB /* Game.swift in Sources */ = {isa = PBXBuildFile; fileRef = BE336B101CC6184400B2BFDB /* Game.swift */; };
		BE47099A1CBE443C00B395DC /* LocationManager.swift in Sources */ = {isa = PBXBuildFile; fileRef = BE4709991CBE443C00B395DC /* LocationManager.swift */; };
		BE720E8C1CBE353000300C77 /* TakePicturesViewController.swift in Sources */ = {isa = PBXBuildFile; fileRef = BE720E8B1CBE353000300C77 /* TakePicturesViewController.swift */; };
		BE72F6381CBBBED500976D47 /* AppDelegate.swift in Sources */ = {isa = PBXBuildFile; fileRef = BE72F6371CBBBED500976D47 /* AppDelegate.swift */; };
		BE72F63D1CBBBED500976D47 /* Main.storyboard in Resources */ = {isa = PBXBuildFile; fileRef = BE72F63B1CBBBED500976D47 /* Main.storyboard */; };
		BE72F6401CBBBED500976D47 /* TreasureHunt.xcdatamodeld in Sources */ = {isa = PBXBuildFile; fileRef = BE72F63E1CBBBED500976D47 /* TreasureHunt.xcdatamodeld */; };
		BE72F6421CBBBED500976D47 /* Assets.xcassets in Resources */ = {isa = PBXBuildFile; fileRef = BE72F6411CBBBED500976D47 /* Assets.xcassets */; };
		BE72F6451CBBBED500976D47 /* LaunchScreen.storyboard in Resources */ = {isa = PBXBuildFile; fileRef = BE72F6431CBBBED500976D47 /* LaunchScreen.storyboard */; };
		BE7569141CC638B20057DD5B /* CreateOwnGameDetailsViewController.swift in Sources */ = {isa = PBXBuildFile; fileRef = BE7569131CC638B20057DD5B /* CreateOwnGameDetailsViewController.swift */; };
		BE7569161CC64E270057DD5B /* CreateOwnGameTableViewController.swift in Sources */ = {isa = PBXBuildFile; fileRef = BE7569151CC64E270057DD5B /* CreateOwnGameTableViewController.swift */; };
		BE7E42871CBBCF0800F726B2 /* CoreLocation.framework in Frameworks */ = {isa = PBXBuildFile; fileRef = BE7E42861CBBCF0800F726B2 /* CoreLocation.framework */; };
		BE9D4E3B1CC8CC2400687594 /* PickGameTableViewCell.swift in Sources */ = {isa = PBXBuildFile; fileRef = BE9D4E3A1CC8CC2400687594 /* PickGameTableViewCell.swift */; };
		BEAD7CC61CCF5CA200CCAB5C /* Localizable.strings in Resources */ = {isa = PBXBuildFile; fileRef = BEAD7CC81CCF5CA200CCAB5C /* Localizable.strings */; };
		BEBD808D1CCE328600455162 /* CluesViewController.swift in Sources */ = {isa = PBXBuildFile; fileRef = BEBD808C1CCE328600455162 /* CluesViewController.swift */; };
		BEC512581CBBE188000B0DFB /* AddLocationViewController.swift in Sources */ = {isa = PBXBuildFile; fileRef = BEC512521CBBE188000B0DFB /* AddLocationViewController.swift */; };
		BEC512591CBBE188000B0DFB /* LocationDetailTableViewController.swift in Sources */ = {isa = PBXBuildFile; fileRef = BEC512531CBBE188000B0DFB /* LocationDetailTableViewController.swift */; };
		BEC5125B1CBBE188000B0DFB /* LocationTableViewCell.swift in Sources */ = {isa = PBXBuildFile; fileRef = BEC512551CBBE188000B0DFB /* LocationTableViewCell.swift */; };
		BEC5125C1CBBE188000B0DFB /* LocationTableViewController.swift in Sources */ = {isa = PBXBuildFile; fileRef = BEC512561CBBE188000B0DFB /* LocationTableViewController.swift */; };
		BEC5125D1CBBE188000B0DFB /* UploadedImageViewTableViewCell.swift in Sources */ = {isa = PBXBuildFile; fileRef = BEC512571CBBE188000B0DFB /* UploadedImageViewTableViewCell.swift */; };
		BEC5125F1CBBE196000B0DFB /* DescriptionTableViewCell.swift in Sources */ = {isa = PBXBuildFile; fileRef = BEC5125E1CBBE196000B0DFB /* DescriptionTableViewCell.swift */; };
		BECE3C7F1CBCDBB80011AFC6 /* Location.swift in Sources */ = {isa = PBXBuildFile; fileRef = BECE3C7B1CBCDBB80011AFC6 /* Location.swift */; };
		BECE3C801CBCDBB80011AFC6 /* Location+CoreDataProperties.swift in Sources */ = {isa = PBXBuildFile; fileRef = BECE3C7C1CBCDBB80011AFC6 /* Location+CoreDataProperties.swift */; };
		BECE3C811CBCDBB80011AFC6 /* Person.swift in Sources */ = {isa = PBXBuildFile; fileRef = BECE3C7D1CBCDBB80011AFC6 /* Person.swift */; };
		BECE3C821CBCDBB80011AFC6 /* Person+CoreDataProperties.swift in Sources */ = {isa = PBXBuildFile; fileRef = BECE3C7E1CBCDBB80011AFC6 /* Person+CoreDataProperties.swift */; };
		BED9C7EE1CC8B16B007F6CA6 /* PickGameTableViewController.swift in Sources */ = {isa = PBXBuildFile; fileRef = BED9C7ED1CC8B16B007F6CA6 /* PickGameTableViewController.swift */; };
		BEEEFD021CC64B9600A7467D /* Mapbox.framework in Frameworks */ = {isa = PBXBuildFile; fileRef = BEEEFD011CC64B9600A7467D /* Mapbox.framework */; };
		BEEEFD031CC64B9600A7467D /* Mapbox.framework in Embed Frameworks */ = {isa = PBXBuildFile; fileRef = BEEEFD011CC64B9600A7467D /* Mapbox.framework */; settings = {ATTRIBUTES = (CodeSignOnCopy, RemoveHeadersOnCopy, ); }; };
		BEEEFD061CC661A000A7467D /* RiddleTableViewCell.swift in Sources */ = {isa = PBXBuildFile; fileRef = BEEEFD051CC661A000A7467D /* RiddleTableViewCell.swift */; };
/* End PBXBuildFile section */

/* Begin PBXCopyFilesBuildPhase section */
		BEEEFD041CC64B9600A7467D /* Embed Frameworks */ = {
			isa = PBXCopyFilesBuildPhase;
			buildActionMask = 2147483647;
			dstPath = "";
			dstSubfolderSpec = 10;
			files = (
				BEEEFD031CC64B9600A7467D /* Mapbox.framework in Embed Frameworks */,
			);
			name = "Embed Frameworks";
			runOnlyForDeploymentPostprocessing = 0;
		};
/* End PBXCopyFilesBuildPhase section */

/* Begin PBXFileReference section */
		5B0E2A27BA626B6DB4F316D5 /* Pods-TreasureHunt.release.xcconfig */ = {isa = PBXFileReference; includeInIndex = 1; lastKnownFileType = text.xcconfig; name = "Pods-TreasureHunt.release.xcconfig"; path = "Pods/Target Support Files/Pods-TreasureHunt/Pods-TreasureHunt.release.xcconfig"; sourceTree = "<group>"; };
		6298F75DFF686824FD0C2E66 /* Pods-TreasureHunt.debug.xcconfig */ = {isa = PBXFileReference; includeInIndex = 1; lastKnownFileType = text.xcconfig; name = "Pods-TreasureHunt.debug.xcconfig"; path = "Pods/Target Support Files/Pods-TreasureHunt/Pods-TreasureHunt.debug.xcconfig"; sourceTree = "<group>"; };
		BE139B091CBE2F690025F9D9 /* TreasureHunt.entitlements */ = {isa = PBXFileReference; lastKnownFileType = text.xml; path = TreasureHunt.entitlements; sourceTree = "<group>"; };
		BE139B0A1CBE2F840025F9D9 /* CloudKit.framework */ = {isa = PBXFileReference; lastKnownFileType = wrapper.framework; name = CloudKit.framework; path = System/Library/Frameworks/CloudKit.framework; sourceTree = SDKROOT; };
		BE27BBE61CCE4BBA00B1F8DC /* DeductionTableViewCell.swift */ = {isa = PBXFileReference; fileEncoding = 4; lastKnownFileType = sourcecode.swift; path = DeductionTableViewCell.swift; sourceTree = "<group>"; };
		BE336B051CC60E9700B2BFDB /* StartGameViewController.swift */ = {isa = PBXFileReference; fileEncoding = 4; lastKnownFileType = sourcecode.swift; path = StartGameViewController.swift; sourceTree = "<group>"; };
		BE336B081CC6111A00B2BFDB /* PlayGameMapViewTableViewController.swift */ = {isa = PBXFileReference; fileEncoding = 4; lastKnownFileType = sourcecode.swift; path = PlayGameMapViewTableViewController.swift; sourceTree = "<group>"; };
		BE336B0A1CC6113B00B2BFDB /* PlayGameSolutionViewController.swift */ = {isa = PBXFileReference; fileEncoding = 4; lastKnownFileType = sourcecode.swift; path = PlayGameSolutionViewController.swift; sourceTree = "<group>"; };
		BE336B101CC6184400B2BFDB /* Game.swift */ = {isa = PBXFileReference; fileEncoding = 4; lastKnownFileType = sourcecode.swift; path = Game.swift; sourceTree = "<group>"; };
		BE4709991CBE443C00B395DC /* LocationManager.swift */ = {isa = PBXFileReference; fileEncoding = 4; lastKnownFileType = sourcecode.swift; path = LocationManager.swift; sourceTree = "<group>"; };
		BE720E8B1CBE353000300C77 /* TakePicturesViewController.swift */ = {isa = PBXFileReference; fileEncoding = 4; lastKnownFileType = sourcecode.swift; name = TakePicturesViewController.swift; path = ../TakePicturesViewController.swift; sourceTree = "<group>"; };
		BE72F6341CBBBED500976D47 /* TreasureHunt.app */ = {isa = PBXFileReference; explicitFileType = wrapper.application; includeInIndex = 0; path = TreasureHunt.app; sourceTree = BUILT_PRODUCTS_DIR; };
		BE72F6371CBBBED500976D47 /* AppDelegate.swift */ = {isa = PBXFileReference; lastKnownFileType = sourcecode.swift; path = AppDelegate.swift; sourceTree = "<group>"; };
		BE72F63C1CBBBED500976D47 /* Base */ = {isa = PBXFileReference; lastKnownFileType = file.storyboard; name = Base; path = Base.lproj/Main.storyboard; sourceTree = "<group>"; };
		BE72F63F1CBBBED500976D47 /* TreasureHunt.xcdatamodel */ = {isa = PBXFileReference; lastKnownFileType = wrapper.xcdatamodel; path = TreasureHunt.xcdatamodel; sourceTree = "<group>"; };
		BE72F6411CBBBED500976D47 /* Assets.xcassets */ = {isa = PBXFileReference; lastKnownFileType = folder.assetcatalog; path = Assets.xcassets; sourceTree = "<group>"; };
		BE72F6441CBBBED500976D47 /* Base */ = {isa = PBXFileReference; lastKnownFileType = file.storyboard; name = Base; path = Base.lproj/LaunchScreen.storyboard; sourceTree = "<group>"; };
		BE72F6461CBBBED500976D47 /* Info.plist */ = {isa = PBXFileReference; lastKnownFileType = text.plist.xml; path = Info.plist; sourceTree = "<group>"; };
		BE7569131CC638B20057DD5B /* CreateOwnGameDetailsViewController.swift */ = {isa = PBXFileReference; fileEncoding = 4; lastKnownFileType = sourcecode.swift; path = CreateOwnGameDetailsViewController.swift; sourceTree = "<group>"; };
		BE7569151CC64E270057DD5B /* CreateOwnGameTableViewController.swift */ = {isa = PBXFileReference; fileEncoding = 4; lastKnownFileType = sourcecode.swift; path = CreateOwnGameTableViewController.swift; sourceTree = "<group>"; };
		BE7E42861CBBCF0800F726B2 /* CoreLocation.framework */ = {isa = PBXFileReference; lastKnownFileType = wrapper.framework; name = CoreLocation.framework; path = System/Library/Frameworks/CoreLocation.framework; sourceTree = SDKROOT; };
		BE9D4E3A1CC8CC2400687594 /* PickGameTableViewCell.swift */ = {isa = PBXFileReference; fileEncoding = 4; lastKnownFileType = sourcecode.swift; path = PickGameTableViewCell.swift; sourceTree = "<group>"; };
		BEAD7CC71CCF5CA200CCAB5C /* en */ = {isa = PBXFileReference; lastKnownFileType = text.plist.strings; name = en; path = en.lproj/Localizable.strings; sourceTree = "<group>"; };
		BEAD7CCA1CCF671100CCAB5C /* nl */ = {isa = PBXFileReference; lastKnownFileType = text.plist.strings; name = nl; path = nl.lproj/Main.strings; sourceTree = "<group>"; };
		BEAD7CCB1CCF671200CCAB5C /* nl */ = {isa = PBXFileReference; lastKnownFileType = text.plist.strings; name = nl; path = nl.lproj/LaunchScreen.strings; sourceTree = "<group>"; };
		BEAD7CCC1CCF671200CCAB5C /* nl */ = {isa = PBXFileReference; lastKnownFileType = text.plist.strings; name = nl; path = nl.lproj/Localizable.strings; sourceTree = "<group>"; };
		BEBD808C1CCE328600455162 /* CluesViewController.swift */ = {isa = PBXFileReference; fileEncoding = 4; lastKnownFileType = sourcecode.swift; path = CluesViewController.swift; sourceTree = "<group>"; };
		BEC512521CBBE188000B0DFB /* AddLocationViewController.swift */ = {isa = PBXFileReference; fileEncoding = 4; lastKnownFileType = sourcecode.swift; path = AddLocationViewController.swift; sourceTree = "<group>"; };
		BEC512531CBBE188000B0DFB /* LocationDetailTableViewController.swift */ = {isa = PBXFileReference; fileEncoding = 4; lastKnownFileType = sourcecode.swift; path = LocationDetailTableViewController.swift; sourceTree = "<group>"; };
		BEC512551CBBE188000B0DFB /* LocationTableViewCell.swift */ = {isa = PBXFileReference; fileEncoding = 4; lastKnownFileType = sourcecode.swift; path = LocationTableViewCell.swift; sourceTree = "<group>"; };
		BEC512561CBBE188000B0DFB /* LocationTableViewController.swift */ = {isa = PBXFileReference; fileEncoding = 4; lastKnownFileType = sourcecode.swift; path = LocationTableViewController.swift; sourceTree = "<group>"; };
		BEC512571CBBE188000B0DFB /* UploadedImageViewTableViewCell.swift */ = {isa = PBXFileReference; fileEncoding = 4; lastKnownFileType = sourcecode.swift; path = UploadedImageViewTableViewCell.swift; sourceTree = "<group>"; };
		BEC5125E1CBBE196000B0DFB /* DescriptionTableViewCell.swift */ = {isa = PBXFileReference; fileEncoding = 4; lastKnownFileType = sourcecode.swift; path = DescriptionTableViewCell.swift; sourceTree = "<group>"; };
		BECE3C7B1CBCDBB80011AFC6 /* Location.swift */ = {isa = PBXFileReference; fileEncoding = 4; lastKnownFileType = sourcecode.swift; path = Location.swift; sourceTree = "<group>"; };
		BECE3C7C1CBCDBB80011AFC6 /* Location+CoreDataProperties.swift */ = {isa = PBXFileReference; fileEncoding = 4; lastKnownFileType = sourcecode.swift; path = "Location+CoreDataProperties.swift"; sourceTree = "<group>"; };
		BECE3C7D1CBCDBB80011AFC6 /* Person.swift */ = {isa = PBXFileReference; fileEncoding = 4; lastKnownFileType = sourcecode.swift; path = Person.swift; sourceTree = "<group>"; };
		BECE3C7E1CBCDBB80011AFC6 /* Person+CoreDataProperties.swift */ = {isa = PBXFileReference; fileEncoding = 4; lastKnownFileType = sourcecode.swift; path = "Person+CoreDataProperties.swift"; sourceTree = "<group>"; };
		BED9C7ED1CC8B16B007F6CA6 /* PickGameTableViewController.swift */ = {isa = PBXFileReference; fileEncoding = 4; lastKnownFileType = sourcecode.swift; name = PickGameTableViewController.swift; path = ../PickGameTableViewController.swift; sourceTree = "<group>"; };
		BEEEFD011CC64B9600A7467D /* Mapbox.framework */ = {isa = PBXFileReference; lastKnownFileType = wrapper.framework; path = Mapbox.framework; sourceTree = "<group>"; };
		BEEEFD051CC661A000A7467D /* RiddleTableViewCell.swift */ = {isa = PBXFileReference; fileEncoding = 4; lastKnownFileType = sourcecode.swift; path = RiddleTableViewCell.swift; sourceTree = "<group>"; };
		F7E766A349415DF6E9FE707F /* Pods_TreasureHunt.framework */ = {isa = PBXFileReference; explicitFileType = wrapper.framework; includeInIndex = 0; path = Pods_TreasureHunt.framework; sourceTree = BUILT_PRODUCTS_DIR; };
/* End PBXFileReference section */

/* Begin PBXFrameworksBuildPhase section */
		BE72F6311CBBBED500976D47 /* Frameworks */ = {
			isa = PBXFrameworksBuildPhase;
			buildActionMask = 2147483647;
			files = (
				BE7E42871CBBCF0800F726B2 /* CoreLocation.framework in Frameworks */,
				BE139B0B1CBE2F840025F9D9 /* CloudKit.framework in Frameworks */,
				217C9ED8C0239C4783B07052 /* Pods_TreasureHunt.framework in Frameworks */,
				BEEEFD021CC64B9600A7467D /* Mapbox.framework in Frameworks */,
			);
			runOnlyForDeploymentPostprocessing = 0;
		};
/* End PBXFrameworksBuildPhase section */

/* Begin PBXGroup section */
		02F6E03AF931685DE2996500 /* Pods */ = {
			isa = PBXGroup;
			children = (
				6298F75DFF686824FD0C2E66 /* Pods-TreasureHunt.debug.xcconfig */,
				5B0E2A27BA626B6DB4F316D5 /* Pods-TreasureHunt.release.xcconfig */,
			);
			name = Pods;
			sourceTree = "<group>";
		};
		AF151213B2C0D14EBBEE2AD4 /* Frameworks */ = {
			isa = PBXGroup;
			children = (
				F7E766A349415DF6E9FE707F /* Pods_TreasureHunt.framework */,
			);
			name = Frameworks;
			sourceTree = "<group>";
		};
		BE336B071CC60F3D00B2BFDB /* NewViewControllers */ = {
			isa = PBXGroup;
			children = (
				BE9D4E3C1CC8CC2F00687594 /* CustomCells */,
				BE336B051CC60E9700B2BFDB /* StartGameViewController.swift */,
				BED9C7ED1CC8B16B007F6CA6 /* PickGameTableViewController.swift */,
				BE336B081CC6111A00B2BFDB /* PlayGameMapViewTableViewController.swift */,
				BE336B0A1CC6113B00B2BFDB /* PlayGameSolutionViewController.swift */,
				BEBD808C1CCE328600455162 /* CluesViewController.swift */,
				BE7569151CC64E270057DD5B /* CreateOwnGameTableViewController.swift */,
				BE7569131CC638B20057DD5B /* CreateOwnGameDetailsViewController.swift */,
				BE336B101CC6184400B2BFDB /* Game.swift */,
				BE4709991CBE443C00B395DC /* LocationManager.swift */,
			);
			name = NewViewControllers;
			sourceTree = "<group>";
		};
		BE72F62B1CBBBED500976D47 = {
			isa = PBXGroup;
			children = (
				BEEEFD011CC64B9600A7467D /* Mapbox.framework */,
				BE139B0A1CBE2F840025F9D9 /* CloudKit.framework */,
				BE7E42861CBBCF0800F726B2 /* CoreLocation.framework */,
				BE72F6361CBBBED500976D47 /* TreasureHunt */,
				BE72F6351CBBBED500976D47 /* Products */,
				02F6E03AF931685DE2996500 /* Pods */,
				AF151213B2C0D14EBBEE2AD4 /* Frameworks */,
			);
			sourceTree = "<group>";
		};
		BE72F6351CBBBED500976D47 /* Products */ = {
			isa = PBXGroup;
			children = (
				BE72F6341CBBBED500976D47 /* TreasureHunt.app */,
			);
			name = Products;
			sourceTree = "<group>";
		};
		BE72F6361CBBBED500976D47 /* TreasureHunt */ = {
			isa = PBXGroup;
			children = (
				BEAD7CC81CCF5CA200CCAB5C /* Localizable.strings */,
				BE336B071CC60F3D00B2BFDB /* NewViewControllers */,
				BE139B091CBE2F690025F9D9 /* TreasureHunt.entitlements */,
				BECE3C731CBBD04F0011AFC6 /* CoreData */,
				BE72F6371CBBBED500976D47 /* AppDelegate.swift */,
				BE72F63B1CBBBED500976D47 /* Main.storyboard */,
				BE72F6411CBBBED500976D47 /* Assets.xcassets */,
				BECE3C741CBBD1A00011AFC6 /* ViewControllers */,
				BE72F6431CBBBED500976D47 /* LaunchScreen.storyboard */,
				BE72F6461CBBBED500976D47 /* Info.plist */,
			);
			path = TreasureHunt;
			sourceTree = "<group>";
		};
		BE9D4E3C1CC8CC2F00687594 /* CustomCells */ = {
			isa = PBXGroup;
			children = (
				BE9D4E3A1CC8CC2400687594 /* PickGameTableViewCell.swift */,
				BEEEFD051CC661A000A7467D /* RiddleTableViewCell.swift */,
				BE27BBE61CCE4BBA00B1F8DC /* DeductionTableViewCell.swift */,
			);
			name = CustomCells;
			sourceTree = "<group>";
		};
		BECE3C731CBBD04F0011AFC6 /* CoreData */ = {
			isa = PBXGroup;
			children = (
				BECE3C7B1CBCDBB80011AFC6 /* Location.swift */,
				BECE3C7C1CBCDBB80011AFC6 /* Location+CoreDataProperties.swift */,
				BECE3C7D1CBCDBB80011AFC6 /* Person.swift */,
				BECE3C7E1CBCDBB80011AFC6 /* Person+CoreDataProperties.swift */,
				BE72F63E1CBBBED500976D47 /* TreasureHunt.xcdatamodeld */,
			);
			name = CoreData;
			path = ..;
			sourceTree = "<group>";
		};
		BECE3C741CBBD1A00011AFC6 /* ViewControllers */ = {
			isa = PBXGroup;
			children = (
				BE720E8B1CBE353000300C77 /* TakePicturesViewController.swift */,
				BEC512521CBBE188000B0DFB /* AddLocationViewController.swift */,
				BEC512531CBBE188000B0DFB /* LocationDetailTableViewController.swift */,
				BEC5125E1CBBE196000B0DFB /* DescriptionTableViewCell.swift */,
				BEC512551CBBE188000B0DFB /* LocationTableViewCell.swift */,
				BEC512561CBBE188000B0DFB /* LocationTableViewController.swift */,
				BEC512571CBBE188000B0DFB /* UploadedImageViewTableViewCell.swift */,
			);
			name = ViewControllers;
			sourceTree = "<group>";
		};
/* End PBXGroup section */

/* Begin PBXNativeTarget section */
		BE72F6331CBBBED500976D47 /* TreasureHunt */ = {
			isa = PBXNativeTarget;
			buildConfigurationList = BE72F6491CBBBED500976D47 /* Build configuration list for PBXNativeTarget "TreasureHunt" */;
			buildPhases = (
				63328C4A9C9CFD80C25781B2 /* Check Pods Manifest.lock */,
				BE72F6301CBBBED500976D47 /* Sources */,
				BE72F6311CBBBED500976D47 /* Frameworks */,
				BE72F6321CBBBED500976D47 /* Resources */,
				8094B5D52844A629019EA1C0 /* Embed Pods Frameworks */,
				14750E137FCB9BAACDF85848 /* Copy Pods Resources */,
				BEEEFD041CC64B9600A7467D /* Embed Frameworks */,
			);
			buildRules = (
			);
			dependencies = (
			);
			name = TreasureHunt;
			productName = TreasureHunt;
			productReference = BE72F6341CBBBED500976D47 /* TreasureHunt.app */;
			productType = "com.apple.product-type.application";
		};
/* End PBXNativeTarget section */

/* Begin PBXProject section */
		BE72F62C1CBBBED500976D47 /* Project object */ = {
			isa = PBXProject;
			attributes = {
				LastSwiftUpdateCheck = 0730;
				LastUpgradeCheck = 0730;
				ORGANIZATIONNAME = Embur;
				TargetAttributes = {
					BE72F6331CBBBED500976D47 = {
						CreatedOnToolsVersion = 7.3;
						DevelopmentTeam = EM9G5GUZUW;
						SystemCapabilities = {
							com.apple.iCloud = {
								enabled = 1;
							};
						};
					};
				};
			};
			buildConfigurationList = BE72F62F1CBBBED500976D47 /* Build configuration list for PBXProject "TreasureHunt" */;
			compatibilityVersion = "Xcode 3.2";
			developmentRegion = English;
			hasScannedForEncodings = 0;
			knownRegions = (
				en,
				Base,
				nl,
			);
			mainGroup = BE72F62B1CBBBED500976D47;
			productRefGroup = BE72F6351CBBBED500976D47 /* Products */;
			projectDirPath = "";
			projectRoot = "";
			targets = (
				BE72F6331CBBBED500976D47 /* TreasureHunt */,
			);
		};
/* End PBXProject section */

/* Begin PBXResourcesBuildPhase section */
		BE72F6321CBBBED500976D47 /* Resources */ = {
			isa = PBXResourcesBuildPhase;
			buildActionMask = 2147483647;
			files = (
				BE72F6451CBBBED500976D47 /* LaunchScreen.storyboard in Resources */,
				BEAD7CC61CCF5CA200CCAB5C /* Localizable.strings in Resources */,
				BE72F6421CBBBED500976D47 /* Assets.xcassets in Resources */,
				BE72F63D1CBBBED500976D47 /* Main.storyboard in Resources */,
			);
			runOnlyForDeploymentPostprocessing = 0;
		};
/* End PBXResourcesBuildPhase section */

/* Begin PBXShellScriptBuildPhase section */
		14750E137FCB9BAACDF85848 /* Copy Pods Resources */ = {
			isa = PBXShellScriptBuildPhase;
			buildActionMask = 2147483647;
			files = (
			);
			inputPaths = (
			);
			name = "Copy Pods Resources";
			outputPaths = (
			);
			runOnlyForDeploymentPostprocessing = 0;
			shellPath = /bin/sh;
			shellScript = "\"${SRCROOT}/Pods/Target Support Files/Pods-TreasureHunt/Pods-TreasureHunt-resources.sh\"\n";
			showEnvVarsInLog = 0;
		};
		63328C4A9C9CFD80C25781B2 /* Check Pods Manifest.lock */ = {
			isa = PBXShellScriptBuildPhase;
			buildActionMask = 2147483647;
			files = (
			);
			inputPaths = (
			);
			name = "Check Pods Manifest.lock";
			outputPaths = (
			);
			runOnlyForDeploymentPostprocessing = 0;
			shellPath = /bin/sh;
			shellScript = "diff \"${PODS_ROOT}/../Podfile.lock\" \"${PODS_ROOT}/Manifest.lock\" > /dev/null\nif [[ $? != 0 ]] ; then\n    cat << EOM\nerror: The sandbox is not in sync with the Podfile.lock. Run 'pod install' or update your CocoaPods installation.\nEOM\n    exit 1\nfi\n";
			showEnvVarsInLog = 0;
		};
		8094B5D52844A629019EA1C0 /* Embed Pods Frameworks */ = {
			isa = PBXShellScriptBuildPhase;
			buildActionMask = 2147483647;
			files = (
			);
			inputPaths = (
			);
			name = "Embed Pods Frameworks";
			outputPaths = (
			);
			runOnlyForDeploymentPostprocessing = 0;
			shellPath = /bin/sh;
			shellScript = "\"${SRCROOT}/Pods/Target Support Files/Pods-TreasureHunt/Pods-TreasureHunt-frameworks.sh\"\n";
			showEnvVarsInLog = 0;
		};
/* End PBXShellScriptBuildPhase section */

/* Begin PBXSourcesBuildPhase section */
		BE72F6301CBBBED500976D47 /* Sources */ = {
			isa = PBXSourcesBuildPhase;
			buildActionMask = 2147483647;
			files = (
				BED9C7EE1CC8B16B007F6CA6 /* PickGameTableViewController.swift in Sources */,
				BECE3C821CBCDBB80011AFC6 /* Person+CoreDataProperties.swift in Sources */,
				BE336B111CC6184400B2BFDB /* Game.swift in Sources */,
				BECE3C7F1CBCDBB80011AFC6 /* Location.swift in Sources */,
				BE47099A1CBE443C00B395DC /* LocationManager.swift in Sources */,
				BE336B091CC6111A00B2BFDB /* PlayGameMapViewTableViewController.swift in Sources */,
				BE7569141CC638B20057DD5B /* CreateOwnGameDetailsViewController.swift in Sources */,
				BEC5125B1CBBE188000B0DFB /* LocationTableViewCell.swift in Sources */,
				BE720E8C1CBE353000300C77 /* TakePicturesViewController.swift in Sources */,
				BEC5125D1CBBE188000B0DFB /* UploadedImageViewTableViewCell.swift in Sources */,
				BEEEFD061CC661A000A7467D /* RiddleTableViewCell.swift in Sources */,
				BE9D4E3B1CC8CC2400687594 /* PickGameTableViewCell.swift in Sources */,
				BEC512591CBBE188000B0DFB /* LocationDetailTableViewController.swift in Sources */,
				BEC5125C1CBBE188000B0DFB /* LocationTableViewController.swift in Sources */,
				BE336B061CC60E9700B2BFDB /* StartGameViewController.swift in Sources */,
				BEBD808D1CCE328600455162 /* CluesViewController.swift in Sources */,
				BEC5125F1CBBE196000B0DFB /* DescriptionTableViewCell.swift in Sources */,
				BECE3C801CBCDBB80011AFC6 /* Location+CoreDataProperties.swift in Sources */,
				BE72F6381CBBBED500976D47 /* AppDelegate.swift in Sources */,
				BECE3C811CBCDBB80011AFC6 /* Person.swift in Sources */,
				BE72F6401CBBBED500976D47 /* TreasureHunt.xcdatamodeld in Sources */,
				BE336B0B1CC6113B00B2BFDB /* PlayGameSolutionViewController.swift in Sources */,
				BE27BBE71CCE4BBA00B1F8DC /* DeductionTableViewCell.swift in Sources */,
				BE7569161CC64E270057DD5B /* CreateOwnGameTableViewController.swift in Sources */,
				BEC512581CBBE188000B0DFB /* AddLocationViewController.swift in Sources */,
			);
			runOnlyForDeploymentPostprocessing = 0;
		};
/* End PBXSourcesBuildPhase section */

/* Begin PBXVariantGroup section */
		BE72F63B1CBBBED500976D47 /* Main.storyboard */ = {
			isa = PBXVariantGroup;
			children = (
				BE72F63C1CBBBED500976D47 /* Base */,
				BEAD7CCA1CCF671100CCAB5C /* nl */,
			);
			name = Main.storyboard;
			sourceTree = "<group>";
		};
		BE72F6431CBBBED500976D47 /* LaunchScreen.storyboard */ = {
			isa = PBXVariantGroup;
			children = (
				BE72F6441CBBBED500976D47 /* Base */,
				BEAD7CCB1CCF671200CCAB5C /* nl */,
			);
			name = LaunchScreen.storyboard;
			sourceTree = "<group>";
		};
		BEAD7CC81CCF5CA200CCAB5C /* Localizable.strings */ = {
			isa = PBXVariantGroup;
			children = (
				BEAD7CC71CCF5CA200CCAB5C /* en */,
				BEAD7CCC1CCF671200CCAB5C /* nl */,
			);
			name = Localizable.strings;
			path = ..;
			sourceTree = "<group>";
		};
/* End PBXVariantGroup section */

/* Begin XCBuildConfiguration section */
		BE72F6471CBBBED500976D47 /* Debug */ = {
			isa = XCBuildConfiguration;
			buildSettings = {
				ALWAYS_SEARCH_USER_PATHS = NO;
				CLANG_ANALYZER_NONNULL = YES;
				CLANG_CXX_LANGUAGE_STANDARD = "gnu++0x";
				CLANG_CXX_LIBRARY = "libc++";
				CLANG_ENABLE_MODULES = YES;
				CLANG_ENABLE_OBJC_ARC = YES;
				CLANG_WARN_BOOL_CONVERSION = YES;
				CLANG_WARN_CONSTANT_CONVERSION = YES;
				CLANG_WARN_DIRECT_OBJC_ISA_USAGE = YES_ERROR;
				CLANG_WARN_EMPTY_BODY = YES;
				CLANG_WARN_ENUM_CONVERSION = YES;
				CLANG_WARN_INT_CONVERSION = YES;
				CLANG_WARN_OBJC_ROOT_CLASS = YES_ERROR;
				CLANG_WARN_UNREACHABLE_CODE = YES;
				CLANG_WARN__DUPLICATE_METHOD_MATCH = YES;
				"CODE_SIGN_IDENTITY[sdk=iphoneos*]" = "iPhone Developer";
				COPY_PHASE_STRIP = NO;
				DEBUG_INFORMATION_FORMAT = dwarf;
				ENABLE_STRICT_OBJC_MSGSEND = YES;
				ENABLE_TESTABILITY = YES;
				GCC_C_LANGUAGE_STANDARD = gnu99;
				GCC_DYNAMIC_NO_PIC = NO;
				GCC_NO_COMMON_BLOCKS = YES;
				GCC_OPTIMIZATION_LEVEL = 0;
				GCC_PREPROCESSOR_DEFINITIONS = (
					"DEBUG=1",
					"$(inherited)",
				);
				GCC_WARN_64_TO_32_BIT_CONVERSION = YES;
				GCC_WARN_ABOUT_RETURN_TYPE = YES_ERROR;
				GCC_WARN_UNDECLARED_SELECTOR = YES;
				GCC_WARN_UNINITIALIZED_AUTOS = YES_AGGRESSIVE;
				GCC_WARN_UNUSED_FUNCTION = YES;
				GCC_WARN_UNUSED_VARIABLE = YES;
				IPHONEOS_DEPLOYMENT_TARGET = 9.3;
				MTL_ENABLE_DEBUG_INFO = YES;
				ONLY_ACTIVE_ARCH = YES;
				SDKROOT = iphoneos;
				SWIFT_OPTIMIZATION_LEVEL = "-Onone";
			};
			name = Debug;
		};
		BE72F6481CBBBED500976D47 /* Release */ = {
			isa = XCBuildConfiguration;
			buildSettings = {
				ALWAYS_SEARCH_USER_PATHS = NO;
				CLANG_ANALYZER_NONNULL = YES;
				CLANG_CXX_LANGUAGE_STANDARD = "gnu++0x";
				CLANG_CXX_LIBRARY = "libc++";
				CLANG_ENABLE_MODULES = YES;
				CLANG_ENABLE_OBJC_ARC = YES;
				CLANG_WARN_BOOL_CONVERSION = YES;
				CLANG_WARN_CONSTANT_CONVERSION = YES;
				CLANG_WARN_DIRECT_OBJC_ISA_USAGE = YES_ERROR;
				CLANG_WARN_EMPTY_BODY = YES;
				CLANG_WARN_ENUM_CONVERSION = YES;
				CLANG_WARN_INT_CONVERSION = YES;
				CLANG_WARN_OBJC_ROOT_CLASS = YES_ERROR;
				CLANG_WARN_UNREACHABLE_CODE = YES;
				CLANG_WARN__DUPLICATE_METHOD_MATCH = YES;
				"CODE_SIGN_IDENTITY[sdk=iphoneos*]" = "iPhone Developer";
				COPY_PHASE_STRIP = NO;
				DEBUG_INFORMATION_FORMAT = "dwarf-with-dsym";
				ENABLE_NS_ASSERTIONS = NO;
				ENABLE_STRICT_OBJC_MSGSEND = YES;
				GCC_C_LANGUAGE_STANDARD = gnu99;
				GCC_NO_COMMON_BLOCKS = YES;
				GCC_WARN_64_TO_32_BIT_CONVERSION = YES;
				GCC_WARN_ABOUT_RETURN_TYPE = YES_ERROR;
				GCC_WARN_UNDECLARED_SELECTOR = YES;
				GCC_WARN_UNINITIALIZED_AUTOS = YES_AGGRESSIVE;
				GCC_WARN_UNUSED_FUNCTION = YES;
				GCC_WARN_UNUSED_VARIABLE = YES;
				IPHONEOS_DEPLOYMENT_TARGET = 9.3;
				MTL_ENABLE_DEBUG_INFO = NO;
				SDKROOT = iphoneos;
				VALIDATE_PRODUCT = YES;
			};
			name = Release;
		};
		BE72F64A1CBBBED500976D47 /* Debug */ = {
			isa = XCBuildConfiguration;
			baseConfigurationReference = 6298F75DFF686824FD0C2E66 /* Pods-TreasureHunt.debug.xcconfig */;
			buildSettings = {
				ASSETCATALOG_COMPILER_APPICON_NAME = AppIcon;
				CODE_SIGN_ENTITLEMENTS = TreasureHunt/TreasureHunt.entitlements;
				CODE_SIGN_IDENTITY = "iPhone Developer";
				"CODE_SIGN_IDENTITY[sdk=iphoneos*]" = "iPhone Developer";
				FRAMEWORK_SEARCH_PATHS = (
					"$(inherited)",
					"$(PROJECT_DIR)",
				);
				INFOPLIST_FILE = TreasureHunt/Info.plist;
				IPHONEOS_DEPLOYMENT_TARGET = 9.2;
				LD_RUNPATH_SEARCH_PATHS = "$(inherited) @executable_path/Frameworks";
				PRODUCT_BUNDLE_IDENTIFIER = com.embur.TreasureHunt;
				PRODUCT_NAME = "$(TARGET_NAME)";
				PROVISIONING_PROFILE = "";
			};
			name = Debug;
		};
		BE72F64B1CBBBED500976D47 /* Release */ = {
			isa = XCBuildConfiguration;
			baseConfigurationReference = 5B0E2A27BA626B6DB4F316D5 /* Pods-TreasureHunt.release.xcconfig */;
			buildSettings = {
				ASSETCATALOG_COMPILER_APPICON_NAME = AppIcon;
				CODE_SIGN_ENTITLEMENTS = TreasureHunt/TreasureHunt.entitlements;
				CODE_SIGN_IDENTITY = "iPhone Developer";
				"CODE_SIGN_IDENTITY[sdk=iphoneos*]" = "iPhone Developer";
				FRAMEWORK_SEARCH_PATHS = (
					"$(inherited)",
					"$(PROJECT_DIR)",
				);
				INFOPLIST_FILE = TreasureHunt/Info.plist;
				IPHONEOS_DEPLOYMENT_TARGET = 9.2;
				LD_RUNPATH_SEARCH_PATHS = "$(inherited) @executable_path/Frameworks";
				PRODUCT_BUNDLE_IDENTIFIER = com.embur.TreasureHunt;
				PRODUCT_NAME = "$(TARGET_NAME)";
				PROVISIONING_PROFILE = "";
			};
			name = Release;
		};
/* End XCBuildConfiguration section */

/* Begin XCConfigurationList section */
		BE72F62F1CBBBED500976D47 /* Build configuration list for PBXProject "TreasureHunt" */ = {
			isa = XCConfigurationList;
			buildConfigurations = (
				BE72F6471CBBBED500976D47 /* Debug */,
				BE72F6481CBBBED500976D47 /* Release */,
			);
			defaultConfigurationIsVisible = 0;
			defaultConfigurationName = Release;
		};
		BE72F6491CBBBED500976D47 /* Build configuration list for PBXNativeTarget "TreasureHunt" */ = {
			isa = XCConfigurationList;
			buildConfigurations = (
				BE72F64A1CBBBED500976D47 /* Debug */,
				BE72F64B1CBBBED500976D47 /* Release */,
			);
			defaultConfigurationIsVisible = 0;
			defaultConfigurationName = Release;
		};
/* End XCConfigurationList section */

/* Begin XCVersionGroup section */
		BE72F63E1CBBBED500976D47 /* TreasureHunt.xcdatamodeld */ = {
			isa = XCVersionGroup;
			children = (
				BE72F63F1CBBBED500976D47 /* TreasureHunt.xcdatamodel */,
			);
			currentVersion = BE72F63F1CBBBED500976D47 /* TreasureHunt.xcdatamodel */;
			name = TreasureHunt.xcdatamodeld;
			path = TreasureHunt/TreasureHunt.xcdatamodeld;
			sourceTree = "<group>";
			versionGroupType = wrapper.xcdatamodel;
		};
/* End XCVersionGroup section */
	};
	rootObject = BE72F62C1CBBBED500976D47 /* Project object */;
}
