// !$*UTF8*$!
{
	archiveVersion = 1;
	classes = {
	};
	objectVersion = 46;
	objects = {

/* Begin PBXBuildFile section */
		BE1CC7FD1CBBE4B600E5FDC9 /* CloudKit.framework in Frameworks */ = {isa = PBXBuildFile; fileRef = BE1CC7FC1CBBE4B600E5FDC9 /* CloudKit.framework */; };
		BE72F6381CBBBED500976D47 /* AppDelegate.swift in Sources */ = {isa = PBXBuildFile; fileRef = BE72F6371CBBBED500976D47 /* AppDelegate.swift */; };
		BE72F63D1CBBBED500976D47 /* Main.storyboard in Resources */ = {isa = PBXBuildFile; fileRef = BE72F63B1CBBBED500976D47 /* Main.storyboard */; };
		BE72F6401CBBBED500976D47 /* TreasureHunt.xcdatamodeld in Sources */ = {isa = PBXBuildFile; fileRef = BE72F63E1CBBBED500976D47 /* TreasureHunt.xcdatamodeld */; };
		BE72F6421CBBBED500976D47 /* Assets.xcassets in Resources */ = {isa = PBXBuildFile; fileRef = BE72F6411CBBBED500976D47 /* Assets.xcassets */; };
		BE72F6451CBBBED500976D47 /* LaunchScreen.storyboard in Resources */ = {isa = PBXBuildFile; fileRef = BE72F6431CBBBED500976D47 /* LaunchScreen.storyboard */; };
		BE7E42871CBBCF0800F726B2 /* CoreLocation.framework in Frameworks */ = {isa = PBXBuildFile; fileRef = BE7E42861CBBCF0800F726B2 /* CoreLocation.framework */; };
		BEC512581CBBE188000B0DFB /* AddLocationViewController.swift in Sources */ = {isa = PBXBuildFile; fileRef = BEC512521CBBE188000B0DFB /* AddLocationViewController.swift */; };
		BEC512591CBBE188000B0DFB /* LocationDetailTableViewController.swift in Sources */ = {isa = PBXBuildFile; fileRef = BEC512531CBBE188000B0DFB /* LocationDetailTableViewController.swift */; };
		BEC5125A1CBBE188000B0DFB /* LocationManager.swift in Sources */ = {isa = PBXBuildFile; fileRef = BEC512541CBBE188000B0DFB /* LocationManager.swift */; };
		BEC5125B1CBBE188000B0DFB /* LocationTableViewCell.swift in Sources */ = {isa = PBXBuildFile; fileRef = BEC512551CBBE188000B0DFB /* LocationTableViewCell.swift */; };
		BEC5125C1CBBE188000B0DFB /* LocationTableViewController.swift in Sources */ = {isa = PBXBuildFile; fileRef = BEC512561CBBE188000B0DFB /* LocationTableViewController.swift */; };
		BEC5125D1CBBE188000B0DFB /* UploadedImageViewTableViewCell.swift in Sources */ = {isa = PBXBuildFile; fileRef = BEC512571CBBE188000B0DFB /* UploadedImageViewTableViewCell.swift */; };
		BEC5125F1CBBE196000B0DFB /* DescriptionTableViewCell.swift in Sources */ = {isa = PBXBuildFile; fileRef = BEC5125E1CBBE196000B0DFB /* DescriptionTableViewCell.swift */; };
		BECE3C7F1CBCDBB80011AFC6 /* Location.swift in Sources */ = {isa = PBXBuildFile; fileRef = BECE3C7B1CBCDBB80011AFC6 /* Location.swift */; };
		BECE3C801CBCDBB80011AFC6 /* Location+CoreDataProperties.swift in Sources */ = {isa = PBXBuildFile; fileRef = BECE3C7C1CBCDBB80011AFC6 /* Location+CoreDataProperties.swift */; };
		BECE3C811CBCDBB80011AFC6 /* Person.swift in Sources */ = {isa = PBXBuildFile; fileRef = BECE3C7D1CBCDBB80011AFC6 /* Person.swift */; };
		BECE3C821CBCDBB80011AFC6 /* Person+CoreDataProperties.swift in Sources */ = {isa = PBXBuildFile; fileRef = BECE3C7E1CBCDBB80011AFC6 /* Person+CoreDataProperties.swift */; };
		BECE3C861CBCFE0C0011AFC6 /* uploadImageViewController.swift in Sources */ = {isa = PBXBuildFile; fileRef = BECE3C851CBCFE0C0011AFC6 /* uploadImageViewController.swift */; };
/* End PBXBuildFile section */

/* Begin PBXFileReference section */
		BE1CC7FB1CBBE4B200E5FDC9 /* TreasureHunt.entitlements */ = {isa = PBXFileReference; lastKnownFileType = text.xml; path = TreasureHunt.entitlements; sourceTree = "<group>"; };
		BE1CC7FC1CBBE4B600E5FDC9 /* CloudKit.framework */ = {isa = PBXFileReference; lastKnownFileType = wrapper.framework; name = CloudKit.framework; path = System/Library/Frameworks/CloudKit.framework; sourceTree = SDKROOT; };
		BE72F6341CBBBED500976D47 /* TreasureHunt.app */ = {isa = PBXFileReference; explicitFileType = wrapper.application; includeInIndex = 0; path = TreasureHunt.app; sourceTree = BUILT_PRODUCTS_DIR; };
		BE72F6371CBBBED500976D47 /* AppDelegate.swift */ = {isa = PBXFileReference; lastKnownFileType = sourcecode.swift; path = AppDelegate.swift; sourceTree = "<group>"; };
		BE72F63C1CBBBED500976D47 /* Base */ = {isa = PBXFileReference; lastKnownFileType = file.storyboard; name = Base; path = Base.lproj/Main.storyboard; sourceTree = "<group>"; };
		BE72F63F1CBBBED500976D47 /* TreasureHunt.xcdatamodel */ = {isa = PBXFileReference; lastKnownFileType = wrapper.xcdatamodel; path = TreasureHunt.xcdatamodel; sourceTree = "<group>"; };
		BE72F6411CBBBED500976D47 /* Assets.xcassets */ = {isa = PBXFileReference; lastKnownFileType = folder.assetcatalog; path = Assets.xcassets; sourceTree = "<group>"; };
		BE72F6441CBBBED500976D47 /* Base */ = {isa = PBXFileReference; lastKnownFileType = file.storyboard; name = Base; path = Base.lproj/LaunchScreen.storyboard; sourceTree = "<group>"; };
		BE72F6461CBBBED500976D47 /* Info.plist */ = {isa = PBXFileReference; lastKnownFileType = text.plist.xml; path = Info.plist; sourceTree = "<group>"; };
		BE7E42861CBBCF0800F726B2 /* CoreLocation.framework */ = {isa = PBXFileReference; lastKnownFileType = wrapper.framework; name = CoreLocation.framework; path = System/Library/Frameworks/CoreLocation.framework; sourceTree = SDKROOT; };
		BEC512521CBBE188000B0DFB /* AddLocationViewController.swift */ = {isa = PBXFileReference; fileEncoding = 4; lastKnownFileType = sourcecode.swift; path = AddLocationViewController.swift; sourceTree = "<group>"; };
		BEC512531CBBE188000B0DFB /* LocationDetailTableViewController.swift */ = {isa = PBXFileReference; fileEncoding = 4; lastKnownFileType = sourcecode.swift; path = LocationDetailTableViewController.swift; sourceTree = "<group>"; };
		BEC512541CBBE188000B0DFB /* LocationManager.swift */ = {isa = PBXFileReference; fileEncoding = 4; lastKnownFileType = sourcecode.swift; path = LocationManager.swift; sourceTree = "<group>"; };
		BEC512551CBBE188000B0DFB /* LocationTableViewCell.swift */ = {isa = PBXFileReference; fileEncoding = 4; lastKnownFileType = sourcecode.swift; path = LocationTableViewCell.swift; sourceTree = "<group>"; };
		BEC512561CBBE188000B0DFB /* LocationTableViewController.swift */ = {isa = PBXFileReference; fileEncoding = 4; lastKnownFileType = sourcecode.swift; path = LocationTableViewController.swift; sourceTree = "<group>"; };
		BEC512571CBBE188000B0DFB /* UploadedImageViewTableViewCell.swift */ = {isa = PBXFileReference; fileEncoding = 4; lastKnownFileType = sourcecode.swift; path = UploadedImageViewTableViewCell.swift; sourceTree = "<group>"; };
		BEC5125E1CBBE196000B0DFB /* DescriptionTableViewCell.swift */ = {isa = PBXFileReference; fileEncoding = 4; lastKnownFileType = sourcecode.swift; path = DescriptionTableViewCell.swift; sourceTree = "<group>"; };
		BECE3C7B1CBCDBB80011AFC6 /* Location.swift */ = {isa = PBXFileReference; fileEncoding = 4; lastKnownFileType = sourcecode.swift; path = Location.swift; sourceTree = "<group>"; };
		BECE3C7C1CBCDBB80011AFC6 /* Location+CoreDataProperties.swift */ = {isa = PBXFileReference; fileEncoding = 4; lastKnownFileType = sourcecode.swift; path = "Location+CoreDataProperties.swift"; sourceTree = "<group>"; };
		BECE3C7D1CBCDBB80011AFC6 /* Person.swift */ = {isa = PBXFileReference; fileEncoding = 4; lastKnownFileType = sourcecode.swift; path = Person.swift; sourceTree = "<group>"; };
		BECE3C7E1CBCDBB80011AFC6 /* Person+CoreDataProperties.swift */ = {isa = PBXFileReference; fileEncoding = 4; lastKnownFileType = sourcecode.swift; path = "Person+CoreDataProperties.swift"; sourceTree = "<group>"; };
		BECE3C851CBCFE0C0011AFC6 /* uploadImageViewController.swift */ = {isa = PBXFileReference; fileEncoding = 4; lastKnownFileType = sourcecode.swift; name = uploadImageViewController.swift; path = ../uploadImageViewController.swift; sourceTree = "<group>"; };
/* End PBXFileReference section */

/* Begin PBXFrameworksBuildPhase section */
		BE72F6311CBBBED500976D47 /* Frameworks */ = {
			isa = PBXFrameworksBuildPhase;
			buildActionMask = 2147483647;
			files = (
				BE7E42871CBBCF0800F726B2 /* CoreLocation.framework in Frameworks */,
				BE1CC7FD1CBBE4B600E5FDC9 /* CloudKit.framework in Frameworks */,
			);
			runOnlyForDeploymentPostprocessing = 0;
		};
/* End PBXFrameworksBuildPhase section */

/* Begin PBXGroup section */
		BE72F62B1CBBBED500976D47 = {
			isa = PBXGroup;
			children = (
				BE1CC7FC1CBBE4B600E5FDC9 /* CloudKit.framework */,
				BE7E42861CBBCF0800F726B2 /* CoreLocation.framework */,
				BE72F6361CBBBED500976D47 /* TreasureHunt */,
				BE72F6351CBBBED500976D47 /* Products */,
			);
			sourceTree = "<group>";
		};
		BE72F6351CBBBED500976D47 /* Products */ = {
			isa = PBXGroup;
			children = (
				BE72F6341CBBBED500976D47 /* TreasureHunt.app */,
			);
			name = Products;
			sourceTree = "<group>";
		};
		BE72F6361CBBBED500976D47 /* TreasureHunt */ = {
			isa = PBXGroup;
			children = (
				BE1CC7FB1CBBE4B200E5FDC9 /* TreasureHunt.entitlements */,
				BECE3C741CBBD1A00011AFC6 /* ViewControllers */,
				BECE3C731CBBD04F0011AFC6 /* CoreData */,
				BE72F6371CBBBED500976D47 /* AppDelegate.swift */,
				BE72F63B1CBBBED500976D47 /* Main.storyboard */,
				BEC512541CBBE188000B0DFB /* LocationManager.swift */,
				BE72F6411CBBBED500976D47 /* Assets.xcassets */,
				BE72F6431CBBBED500976D47 /* LaunchScreen.storyboard */,
				BE72F6461CBBBED500976D47 /* Info.plist */,
			);
			path = TreasureHunt;
			sourceTree = "<group>";
		};
		BECE3C731CBBD04F0011AFC6 /* CoreData */ = {
			isa = PBXGroup;
			children = (
				BECE3C7B1CBCDBB80011AFC6 /* Location.swift */,
				BECE3C7C1CBCDBB80011AFC6 /* Location+CoreDataProperties.swift */,
				BECE3C7D1CBCDBB80011AFC6 /* Person.swift */,
				BECE3C7E1CBCDBB80011AFC6 /* Person+CoreDataProperties.swift */,
				BE72F63E1CBBBED500976D47 /* TreasureHunt.xcdatamodeld */,
			);
			name = CoreData;
			path = ..;
			sourceTree = "<group>";
		};
		BECE3C741CBBD1A00011AFC6 /* ViewControllers */ = {
			isa = PBXGroup;
			children = (
				BEC512521CBBE188000B0DFB /* AddLocationViewController.swift */,
				BEC5125E1CBBE196000B0DFB /* DescriptionTableViewCell.swift */,
				BEC512531CBBE188000B0DFB /* LocationDetailTableViewController.swift */,
				BEC512551CBBE188000B0DFB /* LocationTableViewCell.swift */,
				BEC512561CBBE188000B0DFB /* LocationTableViewController.swift */,
				BEC512571CBBE188000B0DFB /* UploadedImageViewTableViewCell.swift */,
				BECE3C851CBCFE0C0011AFC6 /* uploadImageViewController.swift */,
			);
			name = ViewControllers;
			sourceTree = "<group>";
		};
/* End PBXGroup section */

/* Begin PBXNativeTarget section */
		BE72F6331CBBBED500976D47 /* TreasureHunt */ = {
			isa = PBXNativeTarget;
			buildConfigurationList = BE72F6491CBBBED500976D47 /* Build configuration list for PBXNativeTarget "TreasureHunt" */;
			buildPhases = (
				BE72F6301CBBBED500976D47 /* Sources */,
				BE72F6311CBBBED500976D47 /* Frameworks */,
				BE72F6321CBBBED500976D47 /* Resources */,
			);
			buildRules = (
			);
			dependencies = (
			);
			name = TreasureHunt;
			productName = TreasureHunt;
			productReference = BE72F6341CBBBED500976D47 /* TreasureHunt.app */;
			productType = "com.apple.product-type.application";
		};
/* End PBXNativeTarget section */

/* Begin PBXProject section */
		BE72F62C1CBBBED500976D47 /* Project object */ = {
			isa = PBXProject;
			attributes = {
				LastSwiftUpdateCheck = 0730;
				LastUpgradeCheck = 0730;
				ORGANIZATIONNAME = Embur;
				TargetAttributes = {
					BE72F6331CBBBED500976D47 = {
						CreatedOnToolsVersion = 7.3;
						DevelopmentTeam = EM9G5GUZUW;
					};
				};
			};
			buildConfigurationList = BE72F62F1CBBBED500976D47 /* Build configuration list for PBXProject "TreasureHunt" */;
			compatibilityVersion = "Xcode 3.2";
			developmentRegion = English;
			hasScannedForEncodings = 0;
			knownRegions = (
				en,
				Base,
			);
			mainGroup = BE72F62B1CBBBED500976D47;
			productRefGroup = BE72F6351CBBBED500976D47 /* Products */;
			projectDirPath = "";
			projectRoot = "";
			targets = (
				BE72F6331CBBBED500976D47 /* TreasureHunt */,
			);
		};
/* End PBXProject section */

/* Begin PBXResourcesBuildPhase section */
		BE72F6321CBBBED500976D47 /* Resources */ = {
			isa = PBXResourcesBuildPhase;
			buildActionMask = 2147483647;
			files = (
				BE72F6451CBBBED500976D47 /* LaunchScreen.storyboard in Resources */,
				BE72F6421CBBBED500976D47 /* Assets.xcassets in Resources */,
				BE72F63D1CBBBED500976D47 /* Main.storyboard in Resources */,
			);
			runOnlyForDeploymentPostprocessing = 0;
		};
/* End PBXResourcesBuildPhase section */

/* Begin PBXSourcesBuildPhase section */
		BE72F6301CBBBED500976D47 /* Sources */ = {
			isa = PBXSourcesBuildPhase;
			buildActionMask = 2147483647;
			files = (
				BECE3C821CBCDBB80011AFC6 /* Person+CoreDataProperties.swift in Sources */,
				BECE3C861CBCFE0C0011AFC6 /* uploadImageViewController.swift in Sources */,
				BECE3C7F1CBCDBB80011AFC6 /* Location.swift in Sources */,
				BEC5125B1CBBE188000B0DFB /* LocationTableViewCell.swift in Sources */,
				BEC5125D1CBBE188000B0DFB /* UploadedImageViewTableViewCell.swift in Sources */,
				BEC512591CBBE188000B0DFB /* LocationDetailTableViewController.swift in Sources */,
				BEC5125A1CBBE188000B0DFB /* LocationManager.swift in Sources */,
				BEC5125C1CBBE188000B0DFB /* LocationTableViewController.swift in Sources */,
				BEC5125F1CBBE196000B0DFB /* DescriptionTableViewCell.swift in Sources */,
				BECE3C801CBCDBB80011AFC6 /* Location+CoreDataProperties.swift in Sources */,
				BE72F6381CBBBED500976D47 /* AppDelegate.swift in Sources */,
				BECE3C811CBCDBB80011AFC6 /* Person.swift in Sources */,
				BE72F6401CBBBED500976D47 /* TreasureHunt.xcdatamodeld in Sources */,
				BEC512581CBBE188000B0DFB /* AddLocationViewController.swift in Sources */,
			);
			runOnlyForDeploymentPostprocessing = 0;
		};
/* End PBXSourcesBuildPhase section */

/* Begin PBXVariantGroup section */
		BE72F63B1CBBBED500976D47 /* Main.storyboard */ = {
			isa = PBXVariantGroup;
			children = (
				BE72F63C1CBBBED500976D47 /* Base */,
			);
			name = Main.storyboard;
			sourceTree = "<group>";
		};
		BE72F6431CBBBED500976D47 /* LaunchScreen.storyboard */ = {
			isa = PBXVariantGroup;
			children = (
				BE72F6441CBBBED500976D47 /* Base */,
			);
			name = LaunchScreen.storyboard;
			sourceTree = "<group>";
		};
/* End PBXVariantGroup section */

/* Begin XCBuildConfiguration section */
		BE72F6471CBBBED500976D47 /* Debug */ = {
			isa = XCBuildConfiguration;
			buildSettings = {
				ALWAYS_SEARCH_USER_PATHS = NO;
				CLANG_ANALYZER_NONNULL = YES;
				CLANG_CXX_LANGUAGE_STANDARD = "gnu++0x";
				CLANG_CXX_LIBRARY = "libc++";
				CLANG_ENABLE_MODULES = YES;
				CLANG_ENABLE_OBJC_ARC = YES;
				CLANG_WARN_BOOL_CONVERSION = YES;
				CLANG_WARN_CONSTANT_CONVERSION = YES;
				CLANG_WARN_DIRECT_OBJC_ISA_USAGE = YES_ERROR;
				CLANG_WARN_EMPTY_BODY = YES;
				CLANG_WARN_ENUM_CONVERSION = YES;
				CLANG_WARN_INT_CONVERSION = YES;
				CLANG_WARN_OBJC_ROOT_CLASS = YES_ERROR;
				CLANG_WARN_UNREACHABLE_CODE = YES;
				CLANG_WARN__DUPLICATE_METHOD_MATCH = YES;
				"CODE_SIGN_IDENTITY[sdk=iphoneos*]" = "iPhone Developer";
				COPY_PHASE_STRIP = NO;
				DEBUG_INFORMATION_FORMAT = dwarf;
				ENABLE_STRICT_OBJC_MSGSEND = YES;
				ENABLE_TESTABILITY = YES;
				GCC_C_LANGUAGE_STANDARD = gnu99;
				GCC_DYNAMIC_NO_PIC = NO;
				GCC_NO_COMMON_BLOCKS = YES;
				GCC_OPTIMIZATION_LEVEL = 0;
				GCC_PREPROCESSOR_DEFINITIONS = (
					"DEBUG=1",
					"$(inherited)",
				);
				GCC_WARN_64_TO_32_BIT_CONVERSION = YES;
				GCC_WARN_ABOUT_RETURN_TYPE = YES_ERROR;
				GCC_WARN_UNDECLARED_SELECTOR = YES;
				GCC_WARN_UNINITIALIZED_AUTOS = YES_AGGRESSIVE;
				GCC_WARN_UNUSED_FUNCTION = YES;
				GCC_WARN_UNUSED_VARIABLE = YES;
				IPHONEOS_DEPLOYMENT_TARGET = 9.3;
				MTL_ENABLE_DEBUG_INFO = YES;
				ONLY_ACTIVE_ARCH = YES;
				SDKROOT = iphoneos;
				SWIFT_OPTIMIZATION_LEVEL = "-Onone";
			};
			name = Debug;
		};
		BE72F6481CBBBED500976D47 /* Release */ = {
			isa = XCBuildConfiguration;
			buildSettings = {
				ALWAYS_SEARCH_USER_PATHS = NO;
				CLANG_ANALYZER_NONNULL = YES;
				CLANG_CXX_LANGUAGE_STANDARD = "gnu++0x";
				CLANG_CXX_LIBRARY = "libc++";
				CLANG_ENABLE_MODULES = YES;
				CLANG_ENABLE_OBJC_ARC = YES;
				CLANG_WARN_BOOL_CONVERSION = YES;
				CLANG_WARN_CONSTANT_CONVERSION = YES;
				CLANG_WARN_DIRECT_OBJC_ISA_USAGE = YES_ERROR;
				CLANG_WARN_EMPTY_BODY = YES;
				CLANG_WARN_ENUM_CONVERSION = YES;
				CLANG_WARN_INT_CONVERSION = YES;
				CLANG_WARN_OBJC_ROOT_CLASS = YES_ERROR;
				CLANG_WARN_UNREACHABLE_CODE = YES;
				CLANG_WARN__DUPLICATE_METHOD_MATCH = YES;
				"CODE_SIGN_IDENTITY[sdk=iphoneos*]" = "iPhone Developer";
				COPY_PHASE_STRIP = NO;
				DEBUG_INFORMATION_FORMAT = "dwarf-with-dsym";
				ENABLE_NS_ASSERTIONS = NO;
				ENABLE_STRICT_OBJC_MSGSEND = YES;
				GCC_C_LANGUAGE_STANDARD = gnu99;
				GCC_NO_COMMON_BLOCKS = YES;
				GCC_WARN_64_TO_32_BIT_CONVERSION = YES;
				GCC_WARN_ABOUT_RETURN_TYPE = YES_ERROR;
				GCC_WARN_UNDECLARED_SELECTOR = YES;
				GCC_WARN_UNINITIALIZED_AUTOS = YES_AGGRESSIVE;
				GCC_WARN_UNUSED_FUNCTION = YES;
				GCC_WARN_UNUSED_VARIABLE = YES;
				IPHONEOS_DEPLOYMENT_TARGET = 9.3;
				MTL_ENABLE_DEBUG_INFO = NO;
				SDKROOT = iphoneos;
				VALIDATE_PRODUCT = YES;
			};
			name = Release;
		};
		BE72F64A1CBBBED500976D47 /* Debug */ = {
			isa = XCBuildConfiguration;
			buildSettings = {
				ASSETCATALOG_COMPILER_APPICON_NAME = AppIcon;
				CODE_SIGN_ENTITLEMENTS = TreasureHunt/TreasureHunt.entitlements;
				CODE_SIGN_IDENTITY = "iPhone Developer";
				"CODE_SIGN_IDENTITY[sdk=iphoneos*]" = "iPhone Developer";
				INFOPLIST_FILE = TreasureHunt/Info.plist;
				IPHONEOS_DEPLOYMENT_TARGET = 9.2;
				LD_RUNPATH_SEARCH_PATHS = "$(inherited) @executable_path/Frameworks";
				PRODUCT_BUNDLE_IDENTIFIER = com.embur.TreasureHunt;
				PRODUCT_NAME = "$(TARGET_NAME)";
				PROVISIONING_PROFILE = "";
			};
			name = Debug;
		};
		BE72F64B1CBBBED500976D47 /* Release */ = {
			isa = XCBuildConfiguration;
			buildSettings = {
				ASSETCATALOG_COMPILER_APPICON_NAME = AppIcon;
				CODE_SIGN_ENTITLEMENTS = TreasureHunt/TreasureHunt.entitlements;
				CODE_SIGN_IDENTITY = "iPhone Developer";
				"CODE_SIGN_IDENTITY[sdk=iphoneos*]" = "iPhone Developer";
				INFOPLIST_FILE = TreasureHunt/Info.plist;
				IPHONEOS_DEPLOYMENT_TARGET = 9.2;
				LD_RUNPATH_SEARCH_PATHS = "$(inherited) @executable_path/Frameworks";
				PRODUCT_BUNDLE_IDENTIFIER = com.embur.TreasureHunt;
				PRODUCT_NAME = "$(TARGET_NAME)";
				PROVISIONING_PROFILE = "";
			};
			name = Release;
		};
/* End XCBuildConfiguration section */

/* Begin XCConfigurationList section */
		BE72F62F1CBBBED500976D47 /* Build configuration list for PBXProject "TreasureHunt" */ = {
			isa = XCConfigurationList;
			buildConfigurations = (
				BE72F6471CBBBED500976D47 /* Debug */,
				BE72F6481CBBBED500976D47 /* Release */,
			);
			defaultConfigurationIsVisible = 0;
			defaultConfigurationName = Release;
		};
		BE72F6491CBBBED500976D47 /* Build configuration list for PBXNativeTarget "TreasureHunt" */ = {
			isa = XCConfigurationList;
			buildConfigurations = (
				BE72F64A1CBBBED500976D47 /* Debug */,
				BE72F64B1CBBBED500976D47 /* Release */,
			);
			defaultConfigurationIsVisible = 0;
			defaultConfigurationName = Release;
		};
/* End XCConfigurationList section */

/* Begin XCVersionGroup section */
		BE72F63E1CBBBED500976D47 /* TreasureHunt.xcdatamodeld */ = {
			isa = XCVersionGroup;
			children = (
				BE72F63F1CBBBED500976D47 /* TreasureHunt.xcdatamodel */,
			);
			currentVersion = BE72F63F1CBBBED500976D47 /* TreasureHunt.xcdatamodel */;
			name = TreasureHunt.xcdatamodeld;
			path = TreasureHunt/TreasureHunt.xcdatamodeld;
			sourceTree = "<group>";
			versionGroupType = wrapper.xcdatamodel;
		};
/* End XCVersionGroup section */
	};
	rootObject = BE72F62C1CBBBED500976D47 /* Project object */;
}
