<?xml version="1.0" encoding="UTF-8"?>
<!DOCTYPE plist PUBLIC "-//Apple//DTD PLIST 1.0//EN" "http://www.apple.com/DTDs/PropertyList-1.0.dtd">
<plist version="1.0">
<dict>
	<key>archiveVersion</key>
	<string>1</string>
	<key>classes</key>
	<dict/>
	<key>objectVersion</key>
	<string>46</string>
	<key>objects</key>
	<dict>
		<key>02F6E03AF931685DE2996500</key>
		<dict>
			<key>children</key>
			<array>
				<string>6298F75DFF686824FD0C2E66</string>
				<string>5B0E2A27BA626B6DB4F316D5</string>
			</array>
			<key>isa</key>
			<string>PBXGroup</string>
			<key>name</key>
			<string>Pods</string>
			<key>sourceTree</key>
			<string>&lt;group&gt;</string>
		</dict>
		<key>14750E137FCB9BAACDF85848</key>
		<dict>
			<key>buildActionMask</key>
			<string>2147483647</string>
			<key>files</key>
			<array/>
			<key>inputPaths</key>
			<array/>
			<key>isa</key>
			<string>PBXShellScriptBuildPhase</string>
			<key>name</key>
			<string>Copy Pods Resources</string>
			<key>outputPaths</key>
			<array/>
			<key>runOnlyForDeploymentPostprocessing</key>
			<string>0</string>
			<key>shellPath</key>
			<string>/bin/sh</string>
			<key>shellScript</key>
			<string>"${SRCROOT}/Pods/Target Support Files/Pods-TreasureHunt/Pods-TreasureHunt-resources.sh"
</string>
			<key>showEnvVarsInLog</key>
			<string>0</string>
		</dict>
		<key>217C9ED8C0239C4783B07052</key>
		<dict>
			<key>fileRef</key>
			<string>F7E766A349415DF6E9FE707F</string>
			<key>isa</key>
			<string>PBXBuildFile</string>
		</dict>
		<key>5B0E2A27BA626B6DB4F316D5</key>
		<dict>
			<key>includeInIndex</key>
			<string>1</string>
			<key>isa</key>
			<string>PBXFileReference</string>
			<key>lastKnownFileType</key>
			<string>text.xcconfig</string>
			<key>name</key>
			<string>Pods-TreasureHunt.release.xcconfig</string>
			<key>path</key>
			<string>Pods/Target Support Files/Pods-TreasureHunt/Pods-TreasureHunt.release.xcconfig</string>
			<key>sourceTree</key>
			<string>&lt;group&gt;</string>
		</dict>
		<key>6298F75DFF686824FD0C2E66</key>
		<dict>
			<key>includeInIndex</key>
			<string>1</string>
			<key>isa</key>
			<string>PBXFileReference</string>
			<key>lastKnownFileType</key>
			<string>text.xcconfig</string>
			<key>name</key>
			<string>Pods-TreasureHunt.debug.xcconfig</string>
			<key>path</key>
			<string>Pods/Target Support Files/Pods-TreasureHunt/Pods-TreasureHunt.debug.xcconfig</string>
			<key>sourceTree</key>
			<string>&lt;group&gt;</string>
		</dict>
		<key>63328C4A9C9CFD80C25781B2</key>
		<dict>
			<key>buildActionMask</key>
			<string>2147483647</string>
			<key>files</key>
			<array/>
			<key>inputPaths</key>
			<array/>
			<key>isa</key>
			<string>PBXShellScriptBuildPhase</string>
			<key>name</key>
			<string>Check Pods Manifest.lock</string>
			<key>outputPaths</key>
			<array/>
			<key>runOnlyForDeploymentPostprocessing</key>
			<string>0</string>
			<key>shellPath</key>
			<string>/bin/sh</string>
			<key>shellScript</key>
			<string>diff "${PODS_ROOT}/../Podfile.lock" "${PODS_ROOT}/Manifest.lock" &gt; /dev/null
if [[ $? != 0 ]] ; then
    cat &lt;&lt; EOM
error: The sandbox is not in sync with the Podfile.lock. Run 'pod install' or update your CocoaPods installation.
EOM
    exit 1
fi
</string>
			<key>showEnvVarsInLog</key>
			<string>0</string>
		</dict>
		<key>8094B5D52844A629019EA1C0</key>
		<dict>
			<key>buildActionMask</key>
			<string>2147483647</string>
			<key>files</key>
			<array/>
			<key>inputPaths</key>
			<array/>
			<key>isa</key>
			<string>PBXShellScriptBuildPhase</string>
			<key>name</key>
			<string>Embed Pods Frameworks</string>
			<key>outputPaths</key>
			<array/>
			<key>runOnlyForDeploymentPostprocessing</key>
			<string>0</string>
			<key>shellPath</key>
			<string>/bin/sh</string>
			<key>shellScript</key>
			<string>"${SRCROOT}/Pods/Target Support Files/Pods-TreasureHunt/Pods-TreasureHunt-frameworks.sh"
</string>
			<key>showEnvVarsInLog</key>
			<string>0</string>
		</dict>
		<key>AF151213B2C0D14EBBEE2AD4</key>
		<dict>
			<key>children</key>
			<array>
				<string>F7E766A349415DF6E9FE707F</string>
			</array>
			<key>isa</key>
			<string>PBXGroup</string>
			<key>name</key>
			<string>Frameworks</string>
			<key>sourceTree</key>
			<string>&lt;group&gt;</string>
		</dict>
		<key>BE139B091CBE2F690025F9D9</key>
		<dict>
			<key>isa</key>
			<string>PBXFileReference</string>
			<key>lastKnownFileType</key>
			<string>text.xml</string>
			<key>path</key>
			<string>TreasureHunt.entitlements</string>
			<key>sourceTree</key>
			<string>&lt;group&gt;</string>
		</dict>
		<key>BE139B0A1CBE2F840025F9D9</key>
		<dict>
			<key>isa</key>
			<string>PBXFileReference</string>
			<key>lastKnownFileType</key>
			<string>wrapper.framework</string>
			<key>name</key>
			<string>CloudKit.framework</string>
			<key>path</key>
			<string>System/Library/Frameworks/CloudKit.framework</string>
			<key>sourceTree</key>
			<string>SDKROOT</string>
		</dict>
		<key>BE139B0B1CBE2F840025F9D9</key>
		<dict>
			<key>fileRef</key>
			<string>BE139B0A1CBE2F840025F9D9</string>
			<key>isa</key>
			<string>PBXBuildFile</string>
		</dict>
		<key>BE4709991CBE443C00B395DC</key>
		<dict>
			<key>fileEncoding</key>
			<string>4</string>
			<key>isa</key>
			<string>PBXFileReference</string>
			<key>lastKnownFileType</key>
			<string>sourcecode.swift</string>
			<key>name</key>
			<string>LocationManager.swift</string>
			<key>path</key>
			<string>TreasureHunt/LocationManager.swift</string>
			<key>sourceTree</key>
			<string>&lt;group&gt;</string>
		</dict>
		<key>BE47099A1CBE443C00B395DC</key>
		<dict>
			<key>fileRef</key>
			<string>BE4709991CBE443C00B395DC</string>
			<key>isa</key>
			<string>PBXBuildFile</string>
		</dict>
		<key>BE720E8B1CBE353000300C77</key>
		<dict>
			<key>fileEncoding</key>
			<string>4</string>
			<key>isa</key>
			<string>PBXFileReference</string>
			<key>lastKnownFileType</key>
			<string>sourcecode.swift</string>
			<key>name</key>
			<string>TakePicturesViewController.swift</string>
			<key>path</key>
			<string>../TakePicturesViewController.swift</string>
			<key>sourceTree</key>
			<string>&lt;group&gt;</string>
		</dict>
		<key>BE720E8C1CBE353000300C77</key>
		<dict>
			<key>fileRef</key>
			<string>BE720E8B1CBE353000300C77</string>
			<key>isa</key>
			<string>PBXBuildFile</string>
		</dict>
		<key>BE72F62B1CBBBED500976D47</key>
		<dict>
			<key>children</key>
			<array>
				<string>BE139B0A1CBE2F840025F9D9</string>
				<string>BE7E42861CBBCF0800F726B2</string>
				<string>BE72F6361CBBBED500976D47</string>
				<string>BE72F6351CBBBED500976D47</string>
				<string>02F6E03AF931685DE2996500</string>
				<string>AF151213B2C0D14EBBEE2AD4</string>
			</array>
			<key>isa</key>
			<string>PBXGroup</string>
			<key>sourceTree</key>
			<string>&lt;group&gt;</string>
		</dict>
		<key>BE72F62C1CBBBED500976D47</key>
		<dict>
			<key>attributes</key>
			<dict>
				<key>LastSwiftUpdateCheck</key>
				<string>0730</string>
				<key>LastUpgradeCheck</key>
				<string>0730</string>
				<key>ORGANIZATIONNAME</key>
				<string>Embur</string>
				<key>TargetAttributes</key>
				<dict>
					<key>BE72F6331CBBBED500976D47</key>
					<dict>
						<key>CreatedOnToolsVersion</key>
						<string>7.3</string>
						<key>DevelopmentTeam</key>
						<string>EM9G5GUZUW</string>
						<key>SystemCapabilities</key>
						<dict>
							<key>com.apple.iCloud</key>
							<dict>
								<key>enabled</key>
								<string>1</string>
							</dict>
						</dict>
					</dict>
				</dict>
			</dict>
			<key>buildConfigurationList</key>
			<string>BE72F62F1CBBBED500976D47</string>
			<key>compatibilityVersion</key>
			<string>Xcode 3.2</string>
			<key>developmentRegion</key>
			<string>English</string>
			<key>hasScannedForEncodings</key>
			<string>0</string>
			<key>isa</key>
			<string>PBXProject</string>
			<key>knownRegions</key>
			<array>
				<string>en</string>
				<string>Base</string>
			</array>
			<key>mainGroup</key>
			<string>BE72F62B1CBBBED500976D47</string>
			<key>productRefGroup</key>
			<string>BE72F6351CBBBED500976D47</string>
			<key>projectDirPath</key>
			<string></string>
			<key>projectReferences</key>
			<array/>
			<key>projectRoot</key>
			<string></string>
			<key>targets</key>
			<array>
				<string>BE72F6331CBBBED500976D47</string>
			</array>
		</dict>
		<key>BE72F62F1CBBBED500976D47</key>
		<dict>
			<key>buildConfigurations</key>
			<array>
				<string>BE72F6471CBBBED500976D47</string>
				<string>BE72F6481CBBBED500976D47</string>
			</array>
			<key>defaultConfigurationIsVisible</key>
			<string>0</string>
			<key>defaultConfigurationName</key>
			<string>Release</string>
			<key>isa</key>
			<string>XCConfigurationList</string>
		</dict>
		<key>BE72F6301CBBBED500976D47</key>
		<dict>
			<key>buildActionMask</key>
			<string>2147483647</string>
			<key>files</key>
			<array>
				<string>BECE3C821CBCDBB80011AFC6</string>
				<string>BECE3C7F1CBCDBB80011AFC6</string>
				<string>BE47099A1CBE443C00B395DC</string>
				<string>BEC5125B1CBBE188000B0DFB</string>
				<string>BE720E8C1CBE353000300C77</string>
				<string>BEC5125D1CBBE188000B0DFB</string>
				<string>BEC512591CBBE188000B0DFB</string>
				<string>BEC5125C1CBBE188000B0DFB</string>
				<string>BEC5125F1CBBE196000B0DFB</string>
				<string>BECE3C801CBCDBB80011AFC6</string>
				<string>BE72F6381CBBBED500976D47</string>
				<string>BECE3C811CBCDBB80011AFC6</string>
				<string>BE72F6401CBBBED500976D47</string>
				<string>BEC512581CBBE188000B0DFB</string>
			</array>
			<key>isa</key>
			<string>PBXSourcesBuildPhase</string>
			<key>runOnlyForDeploymentPostprocessing</key>
			<string>0</string>
		</dict>
		<key>BE72F6311CBBBED500976D47</key>
		<dict>
			<key>buildActionMask</key>
			<string>2147483647</string>
			<key>files</key>
			<array>
				<string>BE7E42871CBBCF0800F726B2</string>
				<string>BE139B0B1CBE2F840025F9D9</string>
				<string>217C9ED8C0239C4783B07052</string>
			</array>
			<key>isa</key>
			<string>PBXFrameworksBuildPhase</string>
			<key>runOnlyForDeploymentPostprocessing</key>
			<string>0</string>
		</dict>
		<key>BE72F6321CBBBED500976D47</key>
		<dict>
			<key>buildActionMask</key>
			<string>2147483647</string>
			<key>files</key>
			<array>
				<string>BE72F6451CBBBED500976D47</string>
				<string>BE72F6421CBBBED500976D47</string>
				<string>BE72F63D1CBBBED500976D47</string>
			</array>
			<key>isa</key>
			<string>PBXResourcesBuildPhase</string>
			<key>runOnlyForDeploymentPostprocessing</key>
			<string>0</string>
		</dict>
		<key>BE72F6331CBBBED500976D47</key>
		<dict>
			<key>buildConfigurationList</key>
			<string>BE72F6491CBBBED500976D47</string>
			<key>buildPhases</key>
			<array>
				<string>63328C4A9C9CFD80C25781B2</string>
				<string>BE72F6301CBBBED500976D47</string>
				<string>BE72F6311CBBBED500976D47</string>
				<string>BE72F6321CBBBED500976D47</string>
				<string>8094B5D52844A629019EA1C0</string>
				<string>14750E137FCB9BAACDF85848</string>
			</array>
			<key>buildRules</key>
			<array/>
			<key>dependencies</key>
			<array/>
			<key>isa</key>
			<string>PBXNativeTarget</string>
			<key>name</key>
			<string>TreasureHunt</string>
			<key>productName</key>
			<string>TreasureHunt</string>
			<key>productReference</key>
			<string>BE72F6341CBBBED500976D47</string>
			<key>productType</key>
			<string>com.apple.product-type.application</string>
		</dict>
		<key>BE72F6341CBBBED500976D47</key>
		<dict>
			<key>explicitFileType</key>
			<string>wrapper.application</string>
			<key>includeInIndex</key>
			<string>0</string>
			<key>isa</key>
			<string>PBXFileReference</string>
			<key>path</key>
			<string>TreasureHunt.app</string>
			<key>sourceTree</key>
			<string>BUILT_PRODUCTS_DIR</string>
		</dict>
		<key>BE72F6351CBBBED500976D47</key>
		<dict>
			<key>children</key>
			<array>
				<string>BE72F6341CBBBED500976D47</string>
			</array>
			<key>isa</key>
			<string>PBXGroup</string>
			<key>name</key>
			<string>Products</string>
			<key>sourceTree</key>
			<string>&lt;group&gt;</string>
		</dict>
		<key>BE72F6361CBBBED500976D47</key>
		<dict>
			<key>children</key>
			<array>
				<string>BE139B091CBE2F690025F9D9</string>
				<string>BECE3C741CBBD1A00011AFC6</string>
				<string>BECE3C731CBBD04F0011AFC6</string>
				<string>BE72F6371CBBBED500976D47</string>
				<string>BE72F63B1CBBBED500976D47</string>
				<string>BE72F6411CBBBED500976D47</string>
				<string>BE72F6431CBBBED500976D47</string>
				<string>BE72F6461CBBBED500976D47</string>
			</array>
			<key>isa</key>
			<string>PBXGroup</string>
			<key>path</key>
			<string>TreasureHunt</string>
			<key>sourceTree</key>
			<string>&lt;group&gt;</string>
		</dict>
		<key>BE72F6371CBBBED500976D47</key>
		<dict>
			<key>isa</key>
			<string>PBXFileReference</string>
			<key>lastKnownFileType</key>
			<string>sourcecode.swift</string>
			<key>path</key>
			<string>AppDelegate.swift</string>
			<key>sourceTree</key>
			<string>&lt;group&gt;</string>
		</dict>
		<key>BE72F6381CBBBED500976D47</key>
		<dict>
			<key>fileRef</key>
			<string>BE72F6371CBBBED500976D47</string>
			<key>isa</key>
			<string>PBXBuildFile</string>
		</dict>
		<key>BE72F63B1CBBBED500976D47</key>
		<dict>
			<key>children</key>
			<array>
				<string>BE72F63C1CBBBED500976D47</string>
			</array>
			<key>isa</key>
			<string>PBXVariantGroup</string>
			<key>name</key>
			<string>Main.storyboard</string>
			<key>sourceTree</key>
			<string>&lt;group&gt;</string>
		</dict>
		<key>BE72F63C1CBBBED500976D47</key>
		<dict>
			<key>isa</key>
			<string>PBXFileReference</string>
			<key>lastKnownFileType</key>
			<string>file.storyboard</string>
			<key>name</key>
			<string>Base</string>
			<key>path</key>
			<string>Base.lproj/Main.storyboard</string>
			<key>sourceTree</key>
			<string>&lt;group&gt;</string>
		</dict>
		<key>BE72F63D1CBBBED500976D47</key>
		<dict>
			<key>fileRef</key>
			<string>BE72F63B1CBBBED500976D47</string>
			<key>isa</key>
			<string>PBXBuildFile</string>
		</dict>
		<key>BE72F63E1CBBBED500976D47</key>
		<dict>
			<key>children</key>
			<array>
				<string>BE72F63F1CBBBED500976D47</string>
			</array>
			<key>currentVersion</key>
			<string>BE72F63F1CBBBED500976D47</string>
			<key>isa</key>
			<string>XCVersionGroup</string>
			<key>name</key>
			<string>TreasureHunt.xcdatamodeld</string>
			<key>path</key>
			<string>TreasureHunt/TreasureHunt.xcdatamodeld</string>
			<key>sourceTree</key>
			<string>&lt;group&gt;</string>
			<key>versionGroupType</key>
			<string>wrapper.xcdatamodel</string>
		</dict>
		<key>BE72F63F1CBBBED500976D47</key>
		<dict>
			<key>isa</key>
			<string>PBXFileReference</string>
			<key>lastKnownFileType</key>
			<string>wrapper.xcdatamodel</string>
			<key>path</key>
			<string>TreasureHunt.xcdatamodel</string>
			<key>sourceTree</key>
			<string>&lt;group&gt;</string>
		</dict>
		<key>BE72F6401CBBBED500976D47</key>
		<dict>
			<key>fileRef</key>
			<string>BE72F63E1CBBBED500976D47</string>
			<key>isa</key>
			<string>PBXBuildFile</string>
		</dict>
		<key>BE72F6411CBBBED500976D47</key>
		<dict>
			<key>isa</key>
			<string>PBXFileReference</string>
			<key>lastKnownFileType</key>
			<string>folder.assetcatalog</string>
			<key>path</key>
			<string>Assets.xcassets</string>
			<key>sourceTree</key>
			<string>&lt;group&gt;</string>
		</dict>
		<key>BE72F6421CBBBED500976D47</key>
		<dict>
			<key>fileRef</key>
			<string>BE72F6411CBBBED500976D47</string>
			<key>isa</key>
			<string>PBXBuildFile</string>
		</dict>
		<key>BE72F6431CBBBED500976D47</key>
		<dict>
			<key>children</key>
			<array>
				<string>BE72F6441CBBBED500976D47</string>
			</array>
			<key>isa</key>
			<string>PBXVariantGroup</string>
			<key>name</key>
			<string>LaunchScreen.storyboard</string>
			<key>sourceTree</key>
			<string>&lt;group&gt;</string>
		</dict>
		<key>BE72F6441CBBBED500976D47</key>
		<dict>
			<key>isa</key>
			<string>PBXFileReference</string>
			<key>lastKnownFileType</key>
			<string>file.storyboard</string>
			<key>name</key>
			<string>Base</string>
			<key>path</key>
			<string>Base.lproj/LaunchScreen.storyboard</string>
			<key>sourceTree</key>
			<string>&lt;group&gt;</string>
		</dict>
		<key>BE72F6451CBBBED500976D47</key>
		<dict>
			<key>fileRef</key>
			<string>BE72F6431CBBBED500976D47</string>
			<key>isa</key>
			<string>PBXBuildFile</string>
		</dict>
		<key>BE72F6461CBBBED500976D47</key>
		<dict>
			<key>isa</key>
			<string>PBXFileReference</string>
			<key>lastKnownFileType</key>
			<string>text.plist.xml</string>
			<key>path</key>
			<string>Info.plist</string>
			<key>sourceTree</key>
			<string>&lt;group&gt;</string>
		</dict>
		<key>BE72F6471CBBBED500976D47</key>
		<dict>
			<key>buildSettings</key>
			<dict>
				<key>ALWAYS_SEARCH_USER_PATHS</key>
				<string>NO</string>
				<key>CLANG_ANALYZER_NONNULL</key>
				<string>YES</string>
				<key>CLANG_CXX_LANGUAGE_STANDARD</key>
				<string>gnu++0x</string>
				<key>CLANG_CXX_LIBRARY</key>
				<string>libc++</string>
				<key>CLANG_ENABLE_MODULES</key>
				<string>YES</string>
				<key>CLANG_ENABLE_OBJC_ARC</key>
				<string>YES</string>
				<key>CLANG_WARN_BOOL_CONVERSION</key>
				<string>YES</string>
				<key>CLANG_WARN_CONSTANT_CONVERSION</key>
				<string>YES</string>
				<key>CLANG_WARN_DIRECT_OBJC_ISA_USAGE</key>
				<string>YES_ERROR</string>
				<key>CLANG_WARN_EMPTY_BODY</key>
				<string>YES</string>
				<key>CLANG_WARN_ENUM_CONVERSION</key>
				<string>YES</string>
				<key>CLANG_WARN_INT_CONVERSION</key>
				<string>YES</string>
				<key>CLANG_WARN_OBJC_ROOT_CLASS</key>
				<string>YES_ERROR</string>
				<key>CLANG_WARN_UNREACHABLE_CODE</key>
				<string>YES</string>
				<key>CLANG_WARN__DUPLICATE_METHOD_MATCH</key>
				<string>YES</string>
				<key>CODE_SIGN_IDENTITY[sdk=iphoneos*]</key>
				<string>iPhone Developer</string>
				<key>COPY_PHASE_STRIP</key>
				<string>NO</string>
				<key>DEBUG_INFORMATION_FORMAT</key>
				<string>dwarf</string>
				<key>ENABLE_STRICT_OBJC_MSGSEND</key>
				<string>YES</string>
				<key>ENABLE_TESTABILITY</key>
				<string>YES</string>
				<key>GCC_C_LANGUAGE_STANDARD</key>
				<string>gnu99</string>
				<key>GCC_DYNAMIC_NO_PIC</key>
				<string>NO</string>
				<key>GCC_NO_COMMON_BLOCKS</key>
				<string>YES</string>
				<key>GCC_OPTIMIZATION_LEVEL</key>
				<string>0</string>
				<key>GCC_PREPROCESSOR_DEFINITIONS</key>
				<array>
					<string>DEBUG=1</string>
					<string>$(inherited)</string>
				</array>
				<key>GCC_WARN_64_TO_32_BIT_CONVERSION</key>
				<string>YES</string>
				<key>GCC_WARN_ABOUT_RETURN_TYPE</key>
				<string>YES_ERROR</string>
				<key>GCC_WARN_UNDECLARED_SELECTOR</key>
				<string>YES</string>
				<key>GCC_WARN_UNINITIALIZED_AUTOS</key>
				<string>YES_AGGRESSIVE</string>
				<key>GCC_WARN_UNUSED_FUNCTION</key>
				<string>YES</string>
				<key>GCC_WARN_UNUSED_VARIABLE</key>
				<string>YES</string>
				<key>IPHONEOS_DEPLOYMENT_TARGET</key>
				<string>9.3</string>
				<key>MTL_ENABLE_DEBUG_INFO</key>
				<string>YES</string>
				<key>ONLY_ACTIVE_ARCH</key>
				<string>YES</string>
				<key>SDKROOT</key>
				<string>iphoneos</string>
				<key>SWIFT_OPTIMIZATION_LEVEL</key>
				<string>-Onone</string>
			</dict>
			<key>isa</key>
			<string>XCBuildConfiguration</string>
			<key>name</key>
			<string>Debug</string>
		</dict>
		<key>BE72F6481CBBBED500976D47</key>
		<dict>
			<key>buildSettings</key>
			<dict>
				<key>ALWAYS_SEARCH_USER_PATHS</key>
				<string>NO</string>
				<key>CLANG_ANALYZER_NONNULL</key>
				<string>YES</string>
				<key>CLANG_CXX_LANGUAGE_STANDARD</key>
				<string>gnu++0x</string>
				<key>CLANG_CXX_LIBRARY</key>
				<string>libc++</string>
				<key>CLANG_ENABLE_MODULES</key>
				<string>YES</string>
				<key>CLANG_ENABLE_OBJC_ARC</key>
				<string>YES</string>
				<key>CLANG_WARN_BOOL_CONVERSION</key>
				<string>YES</string>
				<key>CLANG_WARN_CONSTANT_CONVERSION</key>
				<string>YES</string>
				<key>CLANG_WARN_DIRECT_OBJC_ISA_USAGE</key>
				<string>YES_ERROR</string>
				<key>CLANG_WARN_EMPTY_BODY</key>
				<string>YES</string>
				<key>CLANG_WARN_ENUM_CONVERSION</key>
				<string>YES</string>
				<key>CLANG_WARN_INT_CONVERSION</key>
				<string>YES</string>
				<key>CLANG_WARN_OBJC_ROOT_CLASS</key>
				<string>YES_ERROR</string>
				<key>CLANG_WARN_UNREACHABLE_CODE</key>
				<string>YES</string>
				<key>CLANG_WARN__DUPLICATE_METHOD_MATCH</key>
				<string>YES</string>
				<key>CODE_SIGN_IDENTITY[sdk=iphoneos*]</key>
				<string>iPhone Developer</string>
				<key>COPY_PHASE_STRIP</key>
				<string>NO</string>
				<key>DEBUG_INFORMATION_FORMAT</key>
				<string>dwarf-with-dsym</string>
				<key>ENABLE_NS_ASSERTIONS</key>
				<string>NO</string>
				<key>ENABLE_STRICT_OBJC_MSGSEND</key>
				<string>YES</string>
				<key>GCC_C_LANGUAGE_STANDARD</key>
				<string>gnu99</string>
				<key>GCC_NO_COMMON_BLOCKS</key>
				<string>YES</string>
				<key>GCC_WARN_64_TO_32_BIT_CONVERSION</key>
				<string>YES</string>
				<key>GCC_WARN_ABOUT_RETURN_TYPE</key>
				<string>YES_ERROR</string>
				<key>GCC_WARN_UNDECLARED_SELECTOR</key>
				<string>YES</string>
				<key>GCC_WARN_UNINITIALIZED_AUTOS</key>
				<string>YES_AGGRESSIVE</string>
				<key>GCC_WARN_UNUSED_FUNCTION</key>
				<string>YES</string>
				<key>GCC_WARN_UNUSED_VARIABLE</key>
				<string>YES</string>
				<key>IPHONEOS_DEPLOYMENT_TARGET</key>
				<string>9.3</string>
				<key>MTL_ENABLE_DEBUG_INFO</key>
				<string>NO</string>
				<key>SDKROOT</key>
				<string>iphoneos</string>
				<key>VALIDATE_PRODUCT</key>
				<string>YES</string>
			</dict>
			<key>isa</key>
			<string>XCBuildConfiguration</string>
			<key>name</key>
			<string>Release</string>
		</dict>
		<key>BE72F6491CBBBED500976D47</key>
		<dict>
			<key>buildConfigurations</key>
			<array>
				<string>BE72F64A1CBBBED500976D47</string>
				<string>BE72F64B1CBBBED500976D47</string>
			</array>
			<key>defaultConfigurationIsVisible</key>
			<string>0</string>
			<key>defaultConfigurationName</key>
			<string>Release</string>
			<key>isa</key>
			<string>XCConfigurationList</string>
		</dict>
		<key>BE72F64A1CBBBED500976D47</key>
		<dict>
			<key>baseConfigurationReference</key>
			<string>6298F75DFF686824FD0C2E66</string>
			<key>buildSettings</key>
			<dict>
				<key>ASSETCATALOG_COMPILER_APPICON_NAME</key>
				<string>AppIcon</string>
				<key>CODE_SIGN_ENTITLEMENTS</key>
				<string>TreasureHunt/TreasureHunt.entitlements</string>
				<key>CODE_SIGN_IDENTITY</key>
				<string>iPhone Developer</string>
				<key>CODE_SIGN_IDENTITY[sdk=iphoneos*]</key>
				<string>iPhone Developer</string>
				<key>INFOPLIST_FILE</key>
				<string>TreasureHunt/Info.plist</string>
				<key>IPHONEOS_DEPLOYMENT_TARGET</key>
				<string>9.2</string>
				<key>LD_RUNPATH_SEARCH_PATHS</key>
				<string>$(inherited) @executable_path/Frameworks</string>
				<key>PRODUCT_BUNDLE_IDENTIFIER</key>
				<string>com.embur.TreasureHunt</string>
				<key>PRODUCT_NAME</key>
				<string>$(TARGET_NAME)</string>
				<key>PROVISIONING_PROFILE</key>
				<string></string>
			</dict>
			<key>isa</key>
			<string>XCBuildConfiguration</string>
			<key>name</key>
			<string>Debug</string>
		</dict>
		<key>BE72F64B1CBBBED500976D47</key>
		<dict>
			<key>baseConfigurationReference</key>
			<string>5B0E2A27BA626B6DB4F316D5</string>
			<key>buildSettings</key>
			<dict>
				<key>ASSETCATALOG_COMPILER_APPICON_NAME</key>
				<string>AppIcon</string>
				<key>CODE_SIGN_ENTITLEMENTS</key>
				<string>TreasureHunt/TreasureHunt.entitlements</string>
				<key>CODE_SIGN_IDENTITY</key>
				<string>iPhone Developer</string>
				<key>CODE_SIGN_IDENTITY[sdk=iphoneos*]</key>
				<string>iPhone Developer</string>
				<key>INFOPLIST_FILE</key>
				<string>TreasureHunt/Info.plist</string>
				<key>IPHONEOS_DEPLOYMENT_TARGET</key>
				<string>9.2</string>
				<key>LD_RUNPATH_SEARCH_PATHS</key>
				<string>$(inherited) @executable_path/Frameworks</string>
				<key>PRODUCT_BUNDLE_IDENTIFIER</key>
				<string>com.embur.TreasureHunt</string>
				<key>PRODUCT_NAME</key>
				<string>$(TARGET_NAME)</string>
				<key>PROVISIONING_PROFILE</key>
				<string></string>
			</dict>
			<key>isa</key>
			<string>XCBuildConfiguration</string>
			<key>name</key>
			<string>Release</string>
		</dict>
		<key>BE7E42861CBBCF0800F726B2</key>
		<dict>
			<key>isa</key>
			<string>PBXFileReference</string>
			<key>lastKnownFileType</key>
			<string>wrapper.framework</string>
			<key>name</key>
			<string>CoreLocation.framework</string>
			<key>path</key>
			<string>System/Library/Frameworks/CoreLocation.framework</string>
			<key>sourceTree</key>
			<string>SDKROOT</string>
		</dict>
		<key>BE7E42871CBBCF0800F726B2</key>
		<dict>
			<key>fileRef</key>
			<string>BE7E42861CBBCF0800F726B2</string>
			<key>isa</key>
			<string>PBXBuildFile</string>
		</dict>
		<key>BEC512521CBBE188000B0DFB</key>
		<dict>
			<key>fileEncoding</key>
			<string>4</string>
			<key>isa</key>
			<string>PBXFileReference</string>
			<key>lastKnownFileType</key>
			<string>sourcecode.swift</string>
			<key>path</key>
			<string>AddLocationViewController.swift</string>
			<key>sourceTree</key>
			<string>&lt;group&gt;</string>
		</dict>
		<key>BEC512531CBBE188000B0DFB</key>
		<dict>
			<key>fileEncoding</key>
			<string>4</string>
			<key>isa</key>
			<string>PBXFileReference</string>
			<key>lastKnownFileType</key>
			<string>sourcecode.swift</string>
			<key>path</key>
			<string>LocationDetailTableViewController.swift</string>
			<key>sourceTree</key>
			<string>&lt;group&gt;</string>
		</dict>
		<key>BEC512551CBBE188000B0DFB</key>
		<dict>
			<key>fileEncoding</key>
			<string>4</string>
			<key>isa</key>
			<string>PBXFileReference</string>
			<key>lastKnownFileType</key>
			<string>sourcecode.swift</string>
			<key>path</key>
			<string>LocationTableViewCell.swift</string>
			<key>sourceTree</key>
			<string>&lt;group&gt;</string>
		</dict>
		<key>BEC512561CBBE188000B0DFB</key>
		<dict>
			<key>fileEncoding</key>
			<string>4</string>
			<key>isa</key>
			<string>PBXFileReference</string>
			<key>lastKnownFileType</key>
			<string>sourcecode.swift</string>
			<key>path</key>
			<string>LocationTableViewController.swift</string>
			<key>sourceTree</key>
			<string>&lt;group&gt;</string>
		</dict>
		<key>BEC512571CBBE188000B0DFB</key>
		<dict>
			<key>fileEncoding</key>
			<string>4</string>
			<key>isa</key>
			<string>PBXFileReference</string>
			<key>lastKnownFileType</key>
			<string>sourcecode.swift</string>
			<key>path</key>
			<string>UploadedImageViewTableViewCell.swift</string>
			<key>sourceTree</key>
			<string>&lt;group&gt;</string>
		</dict>
		<key>BEC512581CBBE188000B0DFB</key>
		<dict>
			<key>fileRef</key>
			<string>BEC512521CBBE188000B0DFB</string>
			<key>isa</key>
			<string>PBXBuildFile</string>
		</dict>
		<key>BEC512591CBBE188000B0DFB</key>
		<dict>
			<key>fileRef</key>
			<string>BEC512531CBBE188000B0DFB</string>
			<key>isa</key>
			<string>PBXBuildFile</string>
		</dict>
		<key>BEC5125B1CBBE188000B0DFB</key>
		<dict>
			<key>fileRef</key>
			<string>BEC512551CBBE188000B0DFB</string>
			<key>isa</key>
			<string>PBXBuildFile</string>
		</dict>
		<key>BEC5125C1CBBE188000B0DFB</key>
		<dict>
			<key>fileRef</key>
			<string>BEC512561CBBE188000B0DFB</string>
			<key>isa</key>
			<string>PBXBuildFile</string>
		</dict>
		<key>BEC5125D1CBBE188000B0DFB</key>
		<dict>
			<key>fileRef</key>
			<string>BEC512571CBBE188000B0DFB</string>
			<key>isa</key>
			<string>PBXBuildFile</string>
		</dict>
		<key>BEC5125E1CBBE196000B0DFB</key>
		<dict>
			<key>fileEncoding</key>
			<string>4</string>
			<key>isa</key>
			<string>PBXFileReference</string>
			<key>lastKnownFileType</key>
			<string>sourcecode.swift</string>
			<key>path</key>
			<string>DescriptionTableViewCell.swift</string>
			<key>sourceTree</key>
			<string>&lt;group&gt;</string>
		</dict>
		<key>BEC5125F1CBBE196000B0DFB</key>
		<dict>
			<key>fileRef</key>
			<string>BEC5125E1CBBE196000B0DFB</string>
			<key>isa</key>
			<string>PBXBuildFile</string>
		</dict>
		<key>BECE3C731CBBD04F0011AFC6</key>
		<dict>
			<key>children</key>
			<array>
				<string>BE4709991CBE443C00B395DC</string>
				<string>BECE3C7B1CBCDBB80011AFC6</string>
				<string>BECE3C7C1CBCDBB80011AFC6</string>
				<string>BECE3C7D1CBCDBB80011AFC6</string>
				<string>BECE3C7E1CBCDBB80011AFC6</string>
				<string>BE72F63E1CBBBED500976D47</string>
			</array>
			<key>isa</key>
			<string>PBXGroup</string>
			<key>name</key>
			<string>CoreData</string>
			<key>path</key>
			<string>..</string>
			<key>sourceTree</key>
			<string>&lt;group&gt;</string>
		</dict>
		<key>BECE3C741CBBD1A00011AFC6</key>
		<dict>
			<key>children</key>
			<array>
				<string>BE720E8B1CBE353000300C77</string>
				<string>BEC512521CBBE188000B0DFB</string>
				<string>BEC512531CBBE188000B0DFB</string>
				<string>BEC5125E1CBBE196000B0DFB</string>
				<string>BEC512551CBBE188000B0DFB</string>
				<string>BEC512561CBBE188000B0DFB</string>
				<string>BEC512571CBBE188000B0DFB</string>
			</array>
			<key>isa</key>
			<string>PBXGroup</string>
			<key>name</key>
			<string>ViewControllers</string>
			<key>sourceTree</key>
			<string>&lt;group&gt;</string>
		</dict>
		<key>BECE3C7B1CBCDBB80011AFC6</key>
		<dict>
			<key>fileEncoding</key>
			<string>4</string>
			<key>isa</key>
			<string>PBXFileReference</string>
			<key>lastKnownFileType</key>
			<string>sourcecode.swift</string>
			<key>path</key>
			<string>Location.swift</string>
			<key>sourceTree</key>
			<string>&lt;group&gt;</string>
		</dict>
		<key>BECE3C7C1CBCDBB80011AFC6</key>
		<dict>
			<key>fileEncoding</key>
			<string>4</string>
			<key>isa</key>
			<string>PBXFileReference</string>
			<key>lastKnownFileType</key>
			<string>sourcecode.swift</string>
			<key>path</key>
			<string>Location+CoreDataProperties.swift</string>
			<key>sourceTree</key>
			<string>&lt;group&gt;</string>
		</dict>
		<key>BECE3C7D1CBCDBB80011AFC6</key>
		<dict>
			<key>fileEncoding</key>
			<string>4</string>
			<key>isa</key>
			<string>PBXFileReference</string>
			<key>lastKnownFileType</key>
			<string>sourcecode.swift</string>
			<key>path</key>
			<string>Person.swift</string>
			<key>sourceTree</key>
			<string>&lt;group&gt;</string>
		</dict>
		<key>BECE3C7E1CBCDBB80011AFC6</key>
		<dict>
			<key>fileEncoding</key>
			<string>4</string>
			<key>isa</key>
			<string>PBXFileReference</string>
			<key>lastKnownFileType</key>
			<string>sourcecode.swift</string>
			<key>path</key>
			<string>Person+CoreDataProperties.swift</string>
			<key>sourceTree</key>
			<string>&lt;group&gt;</string>
		</dict>
		<key>BECE3C7F1CBCDBB80011AFC6</key>
		<dict>
			<key>fileRef</key>
			<string>BECE3C7B1CBCDBB80011AFC6</string>
			<key>isa</key>
			<string>PBXBuildFile</string>
		</dict>
		<key>BECE3C801CBCDBB80011AFC6</key>
		<dict>
			<key>fileRef</key>
			<string>BECE3C7C1CBCDBB80011AFC6</string>
			<key>isa</key>
			<string>PBXBuildFile</string>
		</dict>
		<key>BECE3C811CBCDBB80011AFC6</key>
		<dict>
			<key>fileRef</key>
			<string>BECE3C7D1CBCDBB80011AFC6</string>
			<key>isa</key>
			<string>PBXBuildFile</string>
		</dict>
		<key>BECE3C821CBCDBB80011AFC6</key>
		<dict>
			<key>fileRef</key>
			<string>BECE3C7E1CBCDBB80011AFC6</string>
			<key>isa</key>
			<string>PBXBuildFile</string>
		</dict>
		<key>F7E766A349415DF6E9FE707F</key>
		<dict>
			<key>explicitFileType</key>
			<string>wrapper.framework</string>
			<key>includeInIndex</key>
			<string>0</string>
			<key>isa</key>
			<string>PBXFileReference</string>
			<key>path</key>
			<string>Pods_TreasureHunt.framework</string>
			<key>sourceTree</key>
			<string>BUILT_PRODUCTS_DIR</string>
		</dict>
	</dict>
	<key>rootObject</key>
	<string>BE72F62C1CBBBED500976D47</string>
</dict>
</plist>
